{
  "version": 4,
  "terraform_version": "1.1.2",
  "serial": 136,
  "lineage": "02f9b8e9-a0f6-395b-1d27-47c926b49dd3",
  "outputs": {},
  "resources": [
    {
      "module": "module.ec2",
      "mode": "data",
      "type": "aws_ami",
      "name": "latest_amazon_ami",
      "provider": "provider[\"registry.terraform.io/hashicorp/aws\"]",
      "instances": [
        {
          "schema_version": 0,
          "attributes": {
            "architecture": "x86_64",
            "arn": "arn:aws:ec2:us-east-1::image/ami-0abfd868f654b92be",
            "block_device_mappings": [
              {
                "device_name": "/dev/xvda",
                "ebs": {
                  "delete_on_termination": "true",
                  "encrypted": "false",
                  "iops": "0",
                  "snapshot_id": "snap-0c37da531090253d3",
                  "throughput": "0",
                  "volume_size": "8",
                  "volume_type": "gp2"
                },
                "no_device": "",
                "virtual_name": ""
              }
            ],
            "creation_date": "2021-12-23T01:23:52.000Z",
            "description": "Amazon Linux AMI 2018.03.0.20211222.0 x86_64 HVM gp2",
            "ena_support": true,
            "executable_users": null,
            "filter": [
              {
                "name": "name",
                "values": [
                  "amzn-ami-hvm-*-*-gp2"
                ]
              },
              {
                "name": "root-device-type",
                "values": [
                  "ebs"
                ]
              },
              {
                "name": "virtualization-type",
                "values": [
                  "hvm"
                ]
              }
            ],
            "hypervisor": "xen",
            "id": "ami-0abfd868f654b92be",
            "image_id": "ami-0abfd868f654b92be",
            "image_location": "amazon/amzn-ami-hvm-2018.03.0.20211222.0-x86_64-gp2",
            "image_owner_alias": "amazon",
            "image_type": "machine",
            "kernel_id": null,
            "most_recent": true,
            "name": "amzn-ami-hvm-2018.03.0.20211222.0-x86_64-gp2",
            "name_regex": null,
            "owner_id": "137112412989",
            "owners": [
              "amazon"
            ],
            "platform": null,
            "platform_details": "Linux/UNIX",
            "product_codes": [],
            "public": true,
            "ramdisk_id": null,
            "root_device_name": "/dev/xvda",
            "root_device_type": "ebs",
            "root_snapshot_id": "snap-0c37da531090253d3",
            "sriov_net_support": "simple",
            "state": "available",
            "state_reason": {
              "code": "UNSET",
              "message": "UNSET"
            },
            "tags": {},
            "usage_operation": "RunInstances",
            "virtualization_type": "hvm"
          },
          "sensitive_attributes": []
        }
      ]
    },
    {
      "module": "module.ec2",
      "mode": "managed",
      "type": "aws_instance",
      "name": "web_server",
      "provider": "provider[\"registry.terraform.io/hashicorp/aws\"]",
      "instances": [
        {
          "schema_version": 1,
          "attributes": {
            "ami": "ami-0abfd868f654b92be",
            "arn": "arn:aws:ec2:us-east-1:949263681218:instance/i-0bdb3d56047785395",
            "associate_public_ip_address": true,
            "availability_zone": "us-east-1a",
            "capacity_reservation_specification": [
              {
                "capacity_reservation_preference": "open",
                "capacity_reservation_target": []
              }
            ],
            "cpu_core_count": 1,
            "cpu_threads_per_core": 1,
            "credit_specification": [
              {
                "cpu_credits": "standard"
              }
            ],
            "disable_api_termination": false,
            "ebs_block_device": [],
            "ebs_optimized": false,
            "enclave_options": [
              {
                "enabled": false
              }
            ],
            "ephemeral_block_device": [],
            "get_password_data": false,
            "hibernation": false,
            "host_id": null,
            "iam_instance_profile": "",
            "id": "i-0bdb3d56047785395",
            "instance_initiated_shutdown_behavior": "stop",
            "instance_state": "running",
            "instance_type": "t2.micro",
            "ipv6_address_count": 0,
            "ipv6_addresses": [],
            "key_name": "app-key",
            "launch_template": [],
            "metadata_options": [
              {
                "http_endpoint": "enabled",
                "http_put_response_hop_limit": 1,
                "http_tokens": "optional"
              }
            ],
            "monitoring": false,
            "network_interface": [],
            "outpost_arn": "",
            "password_data": "",
            "placement_group": "",
            "placement_partition_number": null,
            "primary_network_interface_id": "eni-0fab981fb8a2aa444",
            "private_dns": "ip-10-0-1-218.ec2.internal",
            "private_ip": "10.0.1.218",
            "public_dns": "",
            "public_ip": "52.4.122.0",
            "root_block_device": [
              {
                "delete_on_termination": true,
                "device_name": "/dev/xvda",
                "encrypted": false,
                "iops": 100,
                "kms_key_id": "",
                "tags": {},
                "throughput": 0,
                "volume_id": "vol-0703a79c3d0673590",
                "volume_size": 8,
                "volume_type": "gp2"
              }
            ],
            "secondary_private_ips": [],
            "security_groups": [],
            "source_dest_check": true,
            "subnet_id": "subnet-0775474389a7bce47",
            "tags": {
              "Name": "Web Server"
            },
            "tags_all": {
              "Name": "Web Server"
            },
            "tenancy": "default",
            "timeouts": null,
            "user_data": null,
            "user_data_base64": null,
            "volume_tags": null,
            "vpc_security_group_ids": [
              "sg-0863f5b78c04be10a"
            ]
          },
          "sensitive_attributes": [],
          "private": "eyJlMmJmYjczMC1lY2FhLTExZTYtOGY4OC0zNDM2M2JjN2M0YzAiOnsiY3JlYXRlIjo2MDAwMDAwMDAwMDAsImRlbGV0ZSI6MTIwMDAwMDAwMDAwMCwidXBkYXRlIjo2MDAwMDAwMDAwMDB9LCJzY2hlbWFfdmVyc2lvbiI6IjEifQ==",
          "dependencies": [
            "module.ec2.data.aws_ami.latest_amazon_ami",
            "module.securitygrp.aws_security_group.lb_sg",
            "module.securitygrp.aws_security_group.web_server_sg",
            "module.vpc.aws_subnet.pub_subnet_1",
            "module.vpc.aws_vpc.vpc"
          ]
        }
      ]
    },
    {
      "module": "module.ec2",
      "mode": "managed",
      "type": "aws_key_pair",
      "name": "app-instance-key",
      "provider": "provider[\"registry.terraform.io/hashicorp/aws\"]",
      "instances": [
        {
          "schema_version": 1,
          "attributes": {
            "arn": "arn:aws:ec2:us-east-1:949263681218:key-pair/app-key",
            "fingerprint": "5a:ce:d5:7d:6e:be:4a:01:c7:23:af:c3:e8:87:d8:9c",
            "id": "app-key",
            "key_name": "app-key",
            "key_name_prefix": "",
            "key_pair_id": "key-0ed3af3b0f1bd826d",
            "public_key": "ssh-rsa AAAAB3NzaC1yc2EAAAADAQABAAABAQDDoDRSrR5wSbO469D0OeHPPFbroX1og9tXmZuAb4GQ7NnAET9Gau+GTYeAzm0SbJQlbRF1+GaRuBvOEZXpTKacFANDNOPPwm1hcjxxkt2GWQnrem49tbeWYdMy/L8CDQLs45ffuGDgPHga6g9HgkwZ1MZ1uV4d2MQaVf28IUGa5El3giCWoDkicpseAE5q2abpVLbL2sp1WFVTWYNDBDdoDWftDt1Kysjfk7IUUqJENL8JaoUwaJwWMEfSCOB0idVoRZxcadJ1vHOr5+rU2H7R3sE+7Wq5j47/EfWsd5tOeylF69SWnQV5XBrLcxFR7CYHOERSl16R85il98lwOsNv",
            "tags": null,
            "tags_all": {}
          },
          "sensitive_attributes": [],
          "private": "eyJzY2hlbWFfdmVyc2lvbiI6IjEifQ==",
          "dependencies": [
            "module.ec2.tls_private_key.app-key"
          ]
        }
      ]
    },
    {
      "module": "module.ec2",
      "mode": "managed",
      "type": "local_file",
      "name": "app-key",
      "provider": "provider[\"registry.terraform.io/hashicorp/local\"]",
      "instances": [
        {
          "schema_version": 0,
          "attributes": {
            "content": "-----BEGIN RSA PRIVATE KEY-----\nMIIEogIBAAKCAQEAw6A0Uq0ecEmzuOvQ9DnhzzxW66F9aIPbV5mbgG+BkOzZwBE/\nRmrvhk2HgM5tEmyUJW0RdfhmkbgbzhGV6UymnBQDQzTjz8JtYXI8cZLdhlkJ63pu\nPbW3lmHTMvy/Ag0C7OOX37hg4Dx4GuoPR4JMGdTGdbleHdjEGlX9vCFBmuRJd4Ig\nlqA5InKbHgBOatmm6VS2y9rKdVhVU1mDQwQ3aA1n7Q7dSsrI35OyFFKiRDS/CWqF\nMGicFjBH0gjgdInVaEWcXGnSdbxzq+fq1Nh+0d7BPu1quY+O/xH1rHebTnspRevU\nlp0FeVway3MRUewmBzhEUpdekfOYpffJcDrDbwIDAQABAoIBAAfPBUenkWd6Cap/\n/z9AcDsNdYrCT3c0jDTa9NIToWBfk/GOvq/Y5Oa/gYEqvD/YBbHYwLGs0KtQZgu7\nt/gwDxZ71gWAvvc0E5moLbF640zRkQvNP0lHT6S5Eu0eGaHDUzKRgyZy/ar1vvWU\nEjgQg2kkjSd11sPqOymx9QblbPD5yc4EdnaDF7u2S6W3nPywYG7B/qpGxfk0ITYq\n+haPCU6cZtKOHbg7Lzz//+kPSoaqc4bmgGu2vzUbdrlTir5j7bPDGXpRW09E0F97\nK8Z7RHTknAm/a8nyZ04FshzCNCM7S5Z4/Vsomf9rDo32WwlQxcTmZWJ/uDcRPVPq\nDtPAroECgYEA//N9X3csS2/v7HL0CPdCURy2uo78+g/BadzEMP/NqeeIeGd4K7TG\n2WbeGJ9X8YmKTRu9Z6/xa+hIRAS8qOUiOKcW3P3k2htSoTmmQuoBckt9Ygzhi6IQ\n2pwmmPWEYYB/rjQ5dk/EGXXh3aMZfr6UWzXNL0xQJY554HvigR3t9QkCgYEAw6nE\nHsbV9aSclHDLz5ltV3MhwquAoKTL6z0GB707Q1vyygvCgf4MmVZWZB4oh2/OPiBd\nVBYTeizcrf/2fEOYiG4ek8fuG4V1mai1/E5b2Z9T+My3j+M4H5k7M8PWK/a/UJ7y\n+OFGBRBKrpMfisdsPJAIN2IobM1QlG5A2u7sSrcCgYAz5kKw3fBsZ4lF79VOEB0x\nZ1oiICZp6lH0zmA181jXr+w7RffXHPQJV1OHuJ/TiWky04IniUSx9crZiABdWwEC\nbdcz/oOuOkYaDR+Kh/q9G1OUUzpU3wr92RX2hCpQvwak41AXjnscEow3LgBYc/qP\nOCyf/6BszSQngddfCRucSQKBgBxmwyIYiKw8dcISUXNT+QwtmSPx0xz+bt85n2t2\nK2kOqsJrTJOj9d44KxgjTIzETPK1rfZrse4VHv9e3T+SbEy5d1TKO6ThDX39gFUc\nZrbDKuQ9ixOmztm/W1mbPrZo/cJNIEXCJXDMuZp3nqd9ZRexbI/lfqq0btLs4hsl\nfUUnAoGAJiqb9wrFngVHBx2tqET0uwxZ0qy+uuGQIxq5OscjaMkjBducjBbjumax\nUfg650kfYWhyazg6kRxDACEsyT83KwndLlWM4I6fuFXIhQKJ9Qi9BSfF3MQrXyvB\nHTLdyiYjHhD8NvQ2Mqr4rI2gh0GVdahSAOEpZQE5Q2JO0CcW1C0=\n-----END RSA PRIVATE KEY-----\n",
            "content_base64": null,
            "directory_permission": "0777",
            "file_permission": "0777",
            "filename": "app-key.pem",
            "id": "c0e3a5805381481732d453ad933cc660f96563b4",
            "sensitive_content": null,
            "source": null
          },
          "sensitive_attributes": [
            [
              {
                "type": "get_attr",
                "value": "content"
              }
            ]
          ],
          "private": "bnVsbA==",
          "dependencies": [
            "module.ec2.tls_private_key.app-key"
          ]
        }
      ]
    },
    {
      "module": "module.ec2",
      "mode": "managed",
      "type": "tls_private_key",
      "name": "app-key",
      "provider": "provider[\"registry.terraform.io/hashicorp/tls\"]",
      "instances": [
        {
          "schema_version": 0,
          "attributes": {
            "algorithm": "RSA",
            "ecdsa_curve": "P224",
            "id": "633a22e9713ab153d12d8265fa1a9cffb97e4cb2",
            "private_key_pem": "-----BEGIN RSA PRIVATE KEY-----\nMIIEogIBAAKCAQEAw6A0Uq0ecEmzuOvQ9DnhzzxW66F9aIPbV5mbgG+BkOzZwBE/\nRmrvhk2HgM5tEmyUJW0RdfhmkbgbzhGV6UymnBQDQzTjz8JtYXI8cZLdhlkJ63pu\nPbW3lmHTMvy/Ag0C7OOX37hg4Dx4GuoPR4JMGdTGdbleHdjEGlX9vCFBmuRJd4Ig\nlqA5InKbHgBOatmm6VS2y9rKdVhVU1mDQwQ3aA1n7Q7dSsrI35OyFFKiRDS/CWqF\nMGicFjBH0gjgdInVaEWcXGnSdbxzq+fq1Nh+0d7BPu1quY+O/xH1rHebTnspRevU\nlp0FeVway3MRUewmBzhEUpdekfOYpffJcDrDbwIDAQABAoIBAAfPBUenkWd6Cap/\n/z9AcDsNdYrCT3c0jDTa9NIToWBfk/GOvq/Y5Oa/gYEqvD/YBbHYwLGs0KtQZgu7\nt/gwDxZ71gWAvvc0E5moLbF640zRkQvNP0lHT6S5Eu0eGaHDUzKRgyZy/ar1vvWU\nEjgQg2kkjSd11sPqOymx9QblbPD5yc4EdnaDF7u2S6W3nPywYG7B/qpGxfk0ITYq\n+haPCU6cZtKOHbg7Lzz//+kPSoaqc4bmgGu2vzUbdrlTir5j7bPDGXpRW09E0F97\nK8Z7RHTknAm/a8nyZ04FshzCNCM7S5Z4/Vsomf9rDo32WwlQxcTmZWJ/uDcRPVPq\nDtPAroECgYEA//N9X3csS2/v7HL0CPdCURy2uo78+g/BadzEMP/NqeeIeGd4K7TG\n2WbeGJ9X8YmKTRu9Z6/xa+hIRAS8qOUiOKcW3P3k2htSoTmmQuoBckt9Ygzhi6IQ\n2pwmmPWEYYB/rjQ5dk/EGXXh3aMZfr6UWzXNL0xQJY554HvigR3t9QkCgYEAw6nE\nHsbV9aSclHDLz5ltV3MhwquAoKTL6z0GB707Q1vyygvCgf4MmVZWZB4oh2/OPiBd\nVBYTeizcrf/2fEOYiG4ek8fuG4V1mai1/E5b2Z9T+My3j+M4H5k7M8PWK/a/UJ7y\n+OFGBRBKrpMfisdsPJAIN2IobM1QlG5A2u7sSrcCgYAz5kKw3fBsZ4lF79VOEB0x\nZ1oiICZp6lH0zmA181jXr+w7RffXHPQJV1OHuJ/TiWky04IniUSx9crZiABdWwEC\nbdcz/oOuOkYaDR+Kh/q9G1OUUzpU3wr92RX2hCpQvwak41AXjnscEow3LgBYc/qP\nOCyf/6BszSQngddfCRucSQKBgBxmwyIYiKw8dcISUXNT+QwtmSPx0xz+bt85n2t2\nK2kOqsJrTJOj9d44KxgjTIzETPK1rfZrse4VHv9e3T+SbEy5d1TKO6ThDX39gFUc\nZrbDKuQ9ixOmztm/W1mbPrZo/cJNIEXCJXDMuZp3nqd9ZRexbI/lfqq0btLs4hsl\nfUUnAoGAJiqb9wrFngVHBx2tqET0uwxZ0qy+uuGQIxq5OscjaMkjBducjBbjumax\nUfg650kfYWhyazg6kRxDACEsyT83KwndLlWM4I6fuFXIhQKJ9Qi9BSfF3MQrXyvB\nHTLdyiYjHhD8NvQ2Mqr4rI2gh0GVdahSAOEpZQE5Q2JO0CcW1C0=\n-----END RSA PRIVATE KEY-----\n",
            "public_key_fingerprint_md5": "3b:7c:59:30:cf:f1:03:78:b9:0f:38:d2:02:91:42:1d",
            "public_key_openssh": "ssh-rsa AAAAB3NzaC1yc2EAAAADAQABAAABAQDDoDRSrR5wSbO469D0OeHPPFbroX1og9tXmZuAb4GQ7NnAET9Gau+GTYeAzm0SbJQlbRF1+GaRuBvOEZXpTKacFANDNOPPwm1hcjxxkt2GWQnrem49tbeWYdMy/L8CDQLs45ffuGDgPHga6g9HgkwZ1MZ1uV4d2MQaVf28IUGa5El3giCWoDkicpseAE5q2abpVLbL2sp1WFVTWYNDBDdoDWftDt1Kysjfk7IUUqJENL8JaoUwaJwWMEfSCOB0idVoRZxcadJ1vHOr5+rU2H7R3sE+7Wq5j47/EfWsd5tOeylF69SWnQV5XBrLcxFR7CYHOERSl16R85il98lwOsNv\n",
            "public_key_pem": "-----BEGIN PUBLIC KEY-----\nMIIBIjANBgkqhkiG9w0BAQEFAAOCAQ8AMIIBCgKCAQEAw6A0Uq0ecEmzuOvQ9Dnh\nzzxW66F9aIPbV5mbgG+BkOzZwBE/Rmrvhk2HgM5tEmyUJW0RdfhmkbgbzhGV6Uym\nnBQDQzTjz8JtYXI8cZLdhlkJ63puPbW3lmHTMvy/Ag0C7OOX37hg4Dx4GuoPR4JM\nGdTGdbleHdjEGlX9vCFBmuRJd4IglqA5InKbHgBOatmm6VS2y9rKdVhVU1mDQwQ3\naA1n7Q7dSsrI35OyFFKiRDS/CWqFMGicFjBH0gjgdInVaEWcXGnSdbxzq+fq1Nh+\n0d7BPu1quY+O/xH1rHebTnspRevUlp0FeVway3MRUewmBzhEUpdekfOYpffJcDrD\nbwIDAQAB\n-----END PUBLIC KEY-----\n",
            "rsa_bits": 2048
          },
          "sensitive_attributes": [],
          "private": "bnVsbA=="
        }
      ]
    },
    {
      "module": "module.securitygrp",
      "mode": "managed",
      "type": "aws_security_group",
      "name": "app_server_sg",
      "provider": "provider[\"registry.terraform.io/hashicorp/aws\"]",
      "instances": [
        {
          "schema_version": 1,
          "attributes": {
            "arn": "arn:aws:ec2:us-east-1:949263681218:security-group/sg-023c6490ae6f7117c",
            "description": "Application Server Security Group",
            "egress": [
              {
                "cidr_blocks": [
                  "0.0.0.0/0"
                ],
                "description": "",
                "from_port": 0,
                "ipv6_cidr_blocks": [],
                "prefix_list_ids": [],
                "protocol": "-1",
                "security_groups": [],
                "self": false,
                "to_port": 0
              }
            ],
            "id": "sg-023c6490ae6f7117c",
            "ingress": [
              {
                "cidr_blocks": [
                  "10.0.0.0/16"
                ],
                "description": "",
                "from_port": 0,
                "ipv6_cidr_blocks": [],
                "prefix_list_ids": [],
                "protocol": "-1",
                "security_groups": [],
                "self": false,
                "to_port": 0
              }
            ],
            "name": "app_server_sg",
            "name_prefix": "",
            "owner_id": "949263681218",
            "revoke_rules_on_delete": false,
            "tags": {
              "Name": "app_server_sg"
            },
            "tags_all": {
              "Name": "app_server_sg"
            },
            "timeouts": null,
            "vpc_id": "vpc-0aec2492ebb0fe7ff"
          },
          "sensitive_attributes": [],
          "private": "eyJlMmJmYjczMC1lY2FhLTExZTYtOGY4OC0zNDM2M2JjN2M0YzAiOnsiY3JlYXRlIjo2MDAwMDAwMDAwMDAsImRlbGV0ZSI6OTAwMDAwMDAwMDAwfSwic2NoZW1hX3ZlcnNpb24iOiIxIn0=",
          "dependencies": [
            "module.vpc.aws_vpc.vpc"
          ]
        }
      ]
    },
    {
      "module": "module.securitygrp",
      "mode": "managed",
      "type": "aws_security_group",
      "name": "lb_sg",
      "provider": "provider[\"registry.terraform.io/hashicorp/aws\"]",
      "instances": [
        {
          "schema_version": 1,
          "attributes": {
            "arn": "arn:aws:ec2:us-east-1:949263681218:security-group/sg-02a1fef51d44bd6b0",
            "description": "ALB Security Group",
            "egress": [
              {
                "cidr_blocks": [
                  "0.0.0.0/0"
                ],
                "description": "",
                "from_port": 0,
                "ipv6_cidr_blocks": [],
                "prefix_list_ids": [],
                "protocol": "-1",
                "security_groups": [],
                "self": false,
                "to_port": 0
              }
            ],
            "id": "sg-02a1fef51d44bd6b0",
            "ingress": [
              {
                "cidr_blocks": [
                  "0.0.0.0/0"
                ],
                "description": "",
                "from_port": 443,
                "ipv6_cidr_blocks": [],
                "prefix_list_ids": [],
                "protocol": "tcp",
                "security_groups": [],
                "self": false,
                "to_port": 443
              },
              {
                "cidr_blocks": [
                  "0.0.0.0/0"
                ],
                "description": "",
                "from_port": 80,
                "ipv6_cidr_blocks": [],
                "prefix_list_ids": [],
                "protocol": "tcp",
                "security_groups": [],
                "self": false,
                "to_port": 80
              }
            ],
            "name": "lb_sg",
            "name_prefix": "",
            "owner_id": "949263681218",
            "revoke_rules_on_delete": false,
            "tags": {
              "Name": "lb_sg"
            },
            "tags_all": {
              "Name": "lb_sg"
            },
            "timeouts": null,
            "vpc_id": "vpc-0aec2492ebb0fe7ff"
          },
          "sensitive_attributes": [],
          "private": "eyJlMmJmYjczMC1lY2FhLTExZTYtOGY4OC0zNDM2M2JjN2M0YzAiOnsiY3JlYXRlIjo2MDAwMDAwMDAwMDAsImRlbGV0ZSI6OTAwMDAwMDAwMDAwfSwic2NoZW1hX3ZlcnNpb24iOiIxIn0=",
          "dependencies": [
            "module.vpc.aws_vpc.vpc"
          ]
        }
      ]
    },
    {
      "module": "module.securitygrp",
      "mode": "managed",
      "type": "aws_security_group",
      "name": "rds_sg",
      "provider": "provider[\"registry.terraform.io/hashicorp/aws\"]",
      "instances": [
        {
          "schema_version": 1,
          "attributes": {
            "arn": "arn:aws:ec2:us-east-1:949263681218:security-group/sg-0aa8bc41fafe89043",
            "description": "MySQL DB Security Group",
            "egress": [
              {
                "cidr_blocks": [
                  "0.0.0.0/0"
                ],
                "description": "",
                "from_port": 0,
                "ipv6_cidr_blocks": [],
                "prefix_list_ids": [],
                "protocol": "-1",
                "security_groups": [],
                "self": false,
                "to_port": 0
              }
            ],
            "id": "sg-0aa8bc41fafe89043",
            "ingress": [
              {
                "cidr_blocks": [
                  "10.0.0.0/16"
                ],
                "description": "",
                "from_port": 3306,
                "ipv6_cidr_blocks": [],
                "prefix_list_ids": [],
                "protocol": "tcp",
                "security_groups": [],
                "self": false,
                "to_port": 3306
              }
            ],
            "name": "rds_sg",
            "name_prefix": "",
            "owner_id": "949263681218",
            "revoke_rules_on_delete": false,
            "tags": {
              "Name": "rds_sg"
            },
            "tags_all": {
              "Name": "rds_sg"
            },
            "timeouts": null,
            "vpc_id": "vpc-0aec2492ebb0fe7ff"
          },
          "sensitive_attributes": [],
          "private": "eyJlMmJmYjczMC1lY2FhLTExZTYtOGY4OC0zNDM2M2JjN2M0YzAiOnsiY3JlYXRlIjo2MDAwMDAwMDAwMDAsImRlbGV0ZSI6OTAwMDAwMDAwMDAwfSwic2NoZW1hX3ZlcnNpb24iOiIxIn0=",
          "dependencies": [
            "module.vpc.aws_vpc.vpc"
          ]
        }
      ]
    },
    {
      "module": "module.securitygrp",
      "mode": "managed",
      "type": "aws_security_group",
      "name": "web_server_sg",
      "provider": "provider[\"registry.terraform.io/hashicorp/aws\"]",
      "instances": [
        {
          "schema_version": 1,
          "attributes": {
            "arn": "arn:aws:ec2:us-east-1:949263681218:security-group/sg-0863f5b78c04be10a",
            "description": "Web Server Security Group",
            "egress": [
              {
                "cidr_blocks": [
                  "0.0.0.0/0"
                ],
                "description": "",
                "from_port": 0,
                "ipv6_cidr_blocks": [],
                "prefix_list_ids": [],
                "protocol": "-1",
                "security_groups": [],
                "self": false,
                "to_port": 0
              }
            ],
            "id": "sg-0863f5b78c04be10a",
            "ingress": [
              {
                "cidr_blocks": [
                  "0.0.0.0/0"
                ],
                "description": "",
                "from_port": 22,
                "ipv6_cidr_blocks": [],
                "prefix_list_ids": [],
                "protocol": "tcp",
                "security_groups": [],
                "self": false,
                "to_port": 22
              },
              {
                "cidr_blocks": [],
                "description": "",
                "from_port": 80,
                "ipv6_cidr_blocks": [],
                "prefix_list_ids": [],
                "protocol": "tcp",
                "security_groups": [
                  "sg-02a1fef51d44bd6b0"
                ],
                "self": false,
                "to_port": 80
              }
            ],
            "name": "web_server_sg",
            "name_prefix": "",
            "owner_id": "949263681218",
            "revoke_rules_on_delete": false,
            "tags": {
              "Name": "web_server_sg"
            },
            "tags_all": {
              "Name": "web_server_sg"
            },
            "timeouts": null,
            "vpc_id": "vpc-0aec2492ebb0fe7ff"
          },
          "sensitive_attributes": [],
          "private": "eyJlMmJmYjczMC1lY2FhLTExZTYtOGY4OC0zNDM2M2JjN2M0YzAiOnsiY3JlYXRlIjo2MDAwMDAwMDAwMDAsImRlbGV0ZSI6OTAwMDAwMDAwMDAwfSwic2NoZW1hX3ZlcnNpb24iOiIxIn0=",
          "dependencies": [
            "module.securitygrp.aws_security_group.lb_sg",
            "module.vpc.aws_vpc.vpc"
          ]
        }
      ]
    },
    {
      "module": "module.vpc",
      "mode": "managed",
      "type": "aws_default_route_table",
      "name": "pvt_rtb",
      "provider": "provider[\"registry.terraform.io/hashicorp/aws\"]",
      "instances": [
        {
          "schema_version": 0,
          "attributes": {
            "arn": "arn:aws:ec2:us-east-1:949263681218:route-table/rtb-078d2cdac8e6d8525",
            "default_route_table_id": "rtb-078d2cdac8e6d8525",
            "id": "rtb-078d2cdac8e6d8525",
            "owner_id": "949263681218",
            "propagating_vgws": null,
            "route": [
              {
                "cidr_block": "0.0.0.0/0",
                "destination_prefix_list_id": "",
                "egress_only_gateway_id": "",
                "gateway_id": "",
                "instance_id": "",
                "ipv6_cidr_block": "",
                "nat_gateway_id": "nat-0ecf97d386c254a97",
                "network_interface_id": "",
                "transit_gateway_id": "",
                "vpc_endpoint_id": "",
                "vpc_peering_connection_id": ""
              }
            ],
            "tags": {
              "Name": "pvt_rtb"
            },
            "tags_all": {
              "Name": "pvt_rtb"
            },
            "timeouts": null,
            "vpc_id": "vpc-0aec2492ebb0fe7ff"
          },
          "sensitive_attributes": [],
          "private": "eyJlMmJmYjczMC1lY2FhLTExZTYtOGY4OC0zNDM2M2JjN2M0YzAiOnsiY3JlYXRlIjoxMjAwMDAwMDAwMDAsInVwZGF0ZSI6MTIwMDAwMDAwMDAwfX0=",
          "dependencies": [
            "module.vpc.aws_eip.nat_ip",
            "module.vpc.aws_nat_gateway.nat_gateway",
            "module.vpc.aws_subnet.pub_subnet_1",
            "module.vpc.aws_vpc.vpc"
          ]
        }
      ]
    },
    {
      "module": "module.vpc",
      "mode": "managed",
      "type": "aws_eip",
      "name": "nat_ip",
      "provider": "provider[\"registry.terraform.io/hashicorp/aws\"]",
      "instances": [
        {
          "schema_version": 0,
          "attributes": {
            "address": null,
            "allocation_id": "eipalloc-0d9d0749762e3da79",
            "associate_with_private_ip": null,
            "association_id": "",
            "carrier_ip": "",
            "customer_owned_ip": "",
            "customer_owned_ipv4_pool": "",
            "domain": "vpc",
            "id": "eipalloc-0d9d0749762e3da79",
            "instance": "",
            "network_border_group": "us-east-1",
            "network_interface": "",
            "private_dns": null,
            "private_ip": "",
            "public_dns": "ec2-3-229-231-248.compute-1.amazonaws.com",
            "public_ip": "3.229.231.248",
            "public_ipv4_pool": "amazon",
            "tags": null,
            "tags_all": {},
            "timeouts": null,
            "vpc": true
          },
          "sensitive_attributes": [],
          "private": "eyJlMmJmYjczMC1lY2FhLTExZTYtOGY4OC0zNDM2M2JjN2M0YzAiOnsiZGVsZXRlIjoxODAwMDAwMDAwMDAsInJlYWQiOjkwMDAwMDAwMDAwMCwidXBkYXRlIjozMDAwMDAwMDAwMDB9fQ=="
        }
      ]
    },
    {
      "module": "module.vpc",
      "mode": "managed",
      "type": "aws_internet_gateway",
      "name": "igw",
      "provider": "provider[\"registry.terraform.io/hashicorp/aws\"]",
      "instances": [
        {
          "schema_version": 0,
          "attributes": {
            "arn": "arn:aws:ec2:us-east-1:949263681218:internet-gateway/igw-0f81ace183ba5d07a",
            "id": "igw-0f81ace183ba5d07a",
            "owner_id": "949263681218",
            "tags": {
              "Name": "rab"
            },
            "tags_all": {
              "Name": "rab"
            },
            "vpc_id": "vpc-0aec2492ebb0fe7ff"
          },
          "sensitive_attributes": [],
          "private": "bnVsbA==",
          "dependencies": [
            "module.vpc.aws_vpc.vpc"
          ]
        }
      ]
    },
    {
      "module": "module.vpc",
      "mode": "managed",
      "type": "aws_nat_gateway",
      "name": "nat_gateway",
      "provider": "provider[\"registry.terraform.io/hashicorp/aws\"]",
      "instances": [
        {
          "schema_version": 0,
          "attributes": {
            "allocation_id": "eipalloc-0d9d0749762e3da79",
            "connectivity_type": "public",
            "id": "nat-0ecf97d386c254a97",
            "network_interface_id": "eni-06a0579e1c1028a70",
            "private_ip": "10.0.1.49",
            "public_ip": "3.229.231.248",
            "subnet_id": "subnet-0775474389a7bce47",
            "tags": {
              "Name": "test_vpc_nat"
            },
            "tags_all": {
              "Name": "test_vpc_nat"
            }
          },
          "sensitive_attributes": [],
          "private": "bnVsbA==",
          "dependencies": [
            "module.vpc.aws_eip.nat_ip",
            "module.vpc.aws_subnet.pub_subnet_1",
            "module.vpc.aws_vpc.vpc"
          ]
        }
      ]
    },
    {
      "module": "module.vpc",
      "mode": "managed",
      "type": "aws_network_acl",
      "name": "pub_nacl",
      "provider": "provider[\"registry.terraform.io/hashicorp/aws\"]",
      "instances": [
        {
          "schema_version": 0,
          "attributes": {
            "arn": "arn:aws:ec2:us-east-1:949263681218:network-acl/acl-04f663b63a442c700",
            "egress": [
              {
                "action": "allow",
                "cidr_block": "0.0.0.0/0",
                "from_port": 1024,
                "icmp_code": null,
                "icmp_type": null,
                "ipv6_cidr_block": "",
                "protocol": "tcp",
                "rule_no": 400,
                "to_port": 65535
              },
              {
                "action": "allow",
                "cidr_block": "0.0.0.0/0",
                "from_port": 22,
                "icmp_code": null,
                "icmp_type": null,
                "ipv6_cidr_block": "",
                "protocol": "tcp",
                "rule_no": 300,
                "to_port": 22
              },
              {
                "action": "allow",
                "cidr_block": "0.0.0.0/0",
                "from_port": 443,
                "icmp_code": null,
                "icmp_type": null,
                "ipv6_cidr_block": "",
                "protocol": "tcp",
                "rule_no": 200,
                "to_port": 443
              },
              {
                "action": "allow",
                "cidr_block": "0.0.0.0/0",
                "from_port": 80,
                "icmp_code": null,
                "icmp_type": null,
                "ipv6_cidr_block": "",
                "protocol": "tcp",
                "rule_no": 100,
                "to_port": 80
              }
            ],
            "id": "acl-04f663b63a442c700",
            "ingress": [
              {
                "action": "allow",
                "cidr_block": "0.0.0.0/0",
                "from_port": 1024,
                "icmp_code": null,
                "icmp_type": null,
                "ipv6_cidr_block": "",
                "protocol": "tcp",
                "rule_no": 400,
                "to_port": 65535
              },
              {
                "action": "allow",
                "cidr_block": "0.0.0.0/0",
                "from_port": 22,
                "icmp_code": null,
                "icmp_type": null,
                "ipv6_cidr_block": "",
                "protocol": "tcp",
                "rule_no": 300,
                "to_port": 22
              },
              {
                "action": "allow",
                "cidr_block": "0.0.0.0/0",
                "from_port": 443,
                "icmp_code": null,
                "icmp_type": null,
                "ipv6_cidr_block": "",
                "protocol": "tcp",
                "rule_no": 200,
                "to_port": 443
              },
              {
                "action": "allow",
                "cidr_block": "0.0.0.0/0",
                "from_port": 80,
                "icmp_code": null,
                "icmp_type": null,
                "ipv6_cidr_block": "",
                "protocol": "tcp",
                "rule_no": 100,
                "to_port": 80
              }
            ],
            "owner_id": "949263681218",
            "subnet_ids": [
              "subnet-0775474389a7bce47",
              "subnet-097cf747cb8270b7e"
            ],
            "tags": {
              "Name": "pub_nacl"
            },
            "tags_all": {
              "Name": "pub_nacl"
            },
            "vpc_id": "vpc-0aec2492ebb0fe7ff"
          },
          "sensitive_attributes": [],
          "private": "bnVsbA==",
          "dependencies": [
            "module.vpc.aws_subnet.pub_subnet_1",
            "module.vpc.aws_subnet.pub_subnet_2",
            "module.vpc.aws_vpc.vpc"
          ]
        }
      ]
    },
    {
      "module": "module.vpc",
      "mode": "managed",
      "type": "aws_route_table",
      "name": "pub_rtb",
      "provider": "provider[\"registry.terraform.io/hashicorp/aws\"]",
      "instances": [
        {
          "schema_version": 0,
          "attributes": {
            "arn": "arn:aws:ec2:us-east-1:949263681218:route-table/rtb-0b9a047bb3e91f3cd",
            "id": "rtb-0b9a047bb3e91f3cd",
            "owner_id": "949263681218",
            "propagating_vgws": [],
            "route": [
              {
                "carrier_gateway_id": "",
                "cidr_block": "0.0.0.0/0",
                "destination_prefix_list_id": "",
                "egress_only_gateway_id": "",
                "gateway_id": "igw-0f81ace183ba5d07a",
                "instance_id": "",
                "ipv6_cidr_block": "",
                "local_gateway_id": "",
                "nat_gateway_id": "",
                "network_interface_id": "",
                "transit_gateway_id": "",
                "vpc_endpoint_id": "",
                "vpc_peering_connection_id": ""
              }
            ],
            "tags": {
              "Name": "pub_rtb"
            },
            "tags_all": {
              "Name": "pub_rtb"
            },
            "timeouts": null,
            "vpc_id": "vpc-0aec2492ebb0fe7ff"
          },
          "sensitive_attributes": [],
          "private": "eyJlMmJmYjczMC1lY2FhLTExZTYtOGY4OC0zNDM2M2JjN2M0YzAiOnsiY3JlYXRlIjozMDAwMDAwMDAwMDAsImRlbGV0ZSI6MzAwMDAwMDAwMDAwLCJ1cGRhdGUiOjEyMDAwMDAwMDAwMH19",
          "dependencies": [
            "module.vpc.aws_internet_gateway.igw",
            "module.vpc.aws_vpc.vpc"
          ]
        }
      ]
    },
    {
      "module": "module.vpc",
      "mode": "managed",
      "type": "aws_route_table_association",
      "name": "pub_rtb_assoc_1",
      "provider": "provider[\"registry.terraform.io/hashicorp/aws\"]",
      "instances": [
        {
          "schema_version": 0,
          "attributes": {
            "gateway_id": "",
            "id": "rtbassoc-0113926ecfb1a31ec",
            "route_table_id": "rtb-0b9a047bb3e91f3cd",
            "subnet_id": "subnet-0775474389a7bce47"
          },
          "sensitive_attributes": [],
          "private": "bnVsbA==",
          "dependencies": [
            "module.vpc.aws_internet_gateway.igw",
            "module.vpc.aws_route_table.pub_rtb",
            "module.vpc.aws_subnet.pub_subnet_1",
            "module.vpc.aws_vpc.vpc"
          ]
        }
      ]
    },
    {
      "module": "module.vpc",
      "mode": "managed",
      "type": "aws_route_table_association",
      "name": "pub_rtb_assoc_2",
      "provider": "provider[\"registry.terraform.io/hashicorp/aws\"]",
      "instances": [
        {
          "schema_version": 0,
          "attributes": {
            "gateway_id": "",
            "id": "rtbassoc-0b2b3b2d7fc12ac17",
            "route_table_id": "rtb-0b9a047bb3e91f3cd",
            "subnet_id": "subnet-097cf747cb8270b7e"
          },
          "sensitive_attributes": [],
          "private": "bnVsbA==",
          "dependencies": [
            "module.vpc.aws_internet_gateway.igw",
            "module.vpc.aws_route_table.pub_rtb",
            "module.vpc.aws_subnet.pub_subnet_2",
            "module.vpc.aws_vpc.vpc"
          ]
        }
      ]
    },
    {
      "module": "module.vpc",
      "mode": "managed",
      "type": "aws_subnet",
      "name": "pub_subnet_1",
      "provider": "provider[\"registry.terraform.io/hashicorp/aws\"]",
      "instances": [
        {
          "schema_version": 1,
          "attributes": {
            "arn": "arn:aws:ec2:us-east-1:949263681218:subnet/subnet-0775474389a7bce47",
            "assign_ipv6_address_on_creation": false,
            "availability_zone": "us-east-1a",
            "availability_zone_id": "use1-az6",
            "cidr_block": "10.0.1.0/24",
            "customer_owned_ipv4_pool": "",
            "id": "subnet-0775474389a7bce47",
            "ipv6_cidr_block": "",
            "ipv6_cidr_block_association_id": "",
            "map_customer_owned_ip_on_launch": false,
            "map_public_ip_on_launch": true,
            "outpost_arn": "",
            "owner_id": "949263681218",
            "tags": {
              "Name": "pub_subnet_1"
            },
            "tags_all": {
              "Name": "pub_subnet_1"
            },
            "timeouts": null,
            "vpc_id": "vpc-0aec2492ebb0fe7ff"
          },
          "sensitive_attributes": [],
          "private": "eyJlMmJmYjczMC1lY2FhLTExZTYtOGY4OC0zNDM2M2JjN2M0YzAiOnsiY3JlYXRlIjo2MDAwMDAwMDAwMDAsImRlbGV0ZSI6MTIwMDAwMDAwMDAwMH0sInNjaGVtYV92ZXJzaW9uIjoiMSJ9",
          "dependencies": [
            "module.vpc.aws_vpc.vpc"
          ]
        }
      ]
    },
    {
      "module": "module.vpc",
      "mode": "managed",
      "type": "aws_subnet",
      "name": "pub_subnet_2",
      "provider": "provider[\"registry.terraform.io/hashicorp/aws\"]",
      "instances": [
        {
          "schema_version": 1,
          "attributes": {
            "arn": "arn:aws:ec2:us-east-1:949263681218:subnet/subnet-097cf747cb8270b7e",
            "assign_ipv6_address_on_creation": false,
            "availability_zone": "us-east-1b",
            "availability_zone_id": "use1-az1",
            "cidr_block": "10.0.2.0/24",
            "customer_owned_ipv4_pool": "",
            "id": "subnet-097cf747cb8270b7e",
            "ipv6_cidr_block": "",
            "ipv6_cidr_block_association_id": "",
            "map_customer_owned_ip_on_launch": false,
            "map_public_ip_on_launch": true,
            "outpost_arn": "",
            "owner_id": "949263681218",
            "tags": {
              "Name": "pub_subnet_2"
            },
            "tags_all": {
              "Name": "pub_subnet_2"
            },
            "timeouts": null,
            "vpc_id": "vpc-0aec2492ebb0fe7ff"
          },
          "sensitive_attributes": [],
          "private": "eyJlMmJmYjczMC1lY2FhLTExZTYtOGY4OC0zNDM2M2JjN2M0YzAiOnsiY3JlYXRlIjo2MDAwMDAwMDAwMDAsImRlbGV0ZSI6MTIwMDAwMDAwMDAwMH0sInNjaGVtYV92ZXJzaW9uIjoiMSJ9",
          "dependencies": [
            "module.vpc.aws_vpc.vpc"
          ]
        }
      ]
    },
    {
      "module": "module.vpc",
      "mode": "managed",
      "type": "aws_subnet",
      "name": "pvt_subnet_1",
      "provider": "provider[\"registry.terraform.io/hashicorp/aws\"]",
      "instances": [
        {
          "schema_version": 1,
          "attributes": {
            "arn": "arn:aws:ec2:us-east-1:949263681218:subnet/subnet-0ac31fe624f9678a9",
            "assign_ipv6_address_on_creation": false,
            "availability_zone": "us-east-1b",
            "availability_zone_id": "use1-az1",
            "cidr_block": "10.0.3.0/24",
            "customer_owned_ipv4_pool": "",
            "id": "subnet-0ac31fe624f9678a9",
            "ipv6_cidr_block": "",
            "ipv6_cidr_block_association_id": "",
            "map_customer_owned_ip_on_launch": false,
            "map_public_ip_on_launch": false,
            "outpost_arn": "",
            "owner_id": "949263681218",
            "tags": {
              "Name": "pvt_subnet_1"
            },
            "tags_all": {
              "Name": "pvt_subnet_1"
            },
            "timeouts": null,
            "vpc_id": "vpc-0aec2492ebb0fe7ff"
          },
          "sensitive_attributes": [],
          "private": "eyJlMmJmYjczMC1lY2FhLTExZTYtOGY4OC0zNDM2M2JjN2M0YzAiOnsiY3JlYXRlIjo2MDAwMDAwMDAwMDAsImRlbGV0ZSI6MTIwMDAwMDAwMDAwMH0sInNjaGVtYV92ZXJzaW9uIjoiMSJ9",
          "dependencies": [
            "module.vpc.aws_vpc.vpc"
          ]
        }
      ]
    },
    {
      "module": "module.vpc",
      "mode": "managed",
      "type": "aws_subnet",
      "name": "pvt_subnet_2",
      "provider": "provider[\"registry.terraform.io/hashicorp/aws\"]",
      "instances": [
        {
          "schema_version": 1,
          "attributes": {
            "arn": "arn:aws:ec2:us-east-1:949263681218:subnet/subnet-04351e53c81fcc78b",
            "assign_ipv6_address_on_creation": false,
            "availability_zone": "us-east-1a",
            "availability_zone_id": "use1-az6",
            "cidr_block": "10.0.4.0/24",
            "customer_owned_ipv4_pool": "",
            "id": "subnet-04351e53c81fcc78b",
            "ipv6_cidr_block": "",
            "ipv6_cidr_block_association_id": "",
            "map_customer_owned_ip_on_launch": false,
            "map_public_ip_on_launch": false,
            "outpost_arn": "",
            "owner_id": "949263681218",
            "tags": {
              "Name": "pvt_subnet_2"
            },
            "tags_all": {
              "Name": "pvt_subnet_2"
            },
            "timeouts": null,
            "vpc_id": "vpc-0aec2492ebb0fe7ff"
          },
          "sensitive_attributes": [],
          "private": "eyJlMmJmYjczMC1lY2FhLTExZTYtOGY4OC0zNDM2M2JjN2M0YzAiOnsiY3JlYXRlIjo2MDAwMDAwMDAwMDAsImRlbGV0ZSI6MTIwMDAwMDAwMDAwMH0sInNjaGVtYV92ZXJzaW9uIjoiMSJ9",
          "dependencies": [
            "module.vpc.aws_vpc.vpc"
          ]
        }
      ]
    },
    {
      "module": "module.vpc",
      "mode": "managed",
      "type": "aws_vpc",
      "name": "vpc",
      "provider": "provider[\"registry.terraform.io/hashicorp/aws\"]",
      "instances": [
        {
          "schema_version": 1,
          "attributes": {
            "arn": "arn:aws:ec2:us-east-1:949263681218:vpc/vpc-0aec2492ebb0fe7ff",
            "assign_generated_ipv6_cidr_block": false,
            "cidr_block": "10.0.0.0/16",
            "default_network_acl_id": "acl-0f08c4ce719243118",
            "default_route_table_id": "rtb-078d2cdac8e6d8525",
            "default_security_group_id": "sg-00759e6234f1f153c",
            "dhcp_options_id": "dopt-01162027fba3030e5",
            "enable_classiclink": false,
            "enable_classiclink_dns_support": false,
            "enable_dns_hostnames": false,
            "enable_dns_support": true,
            "id": "vpc-0aec2492ebb0fe7ff",
            "instance_tenancy": "default",
            "ipv4_ipam_pool_id": null,
            "ipv4_netmask_length": null,
            "ipv6_association_id": "",
            "ipv6_cidr_block": "",
            "ipv6_ipam_pool_id": null,
            "ipv6_netmask_length": null,
            "main_route_table_id": "rtb-078d2cdac8e6d8525",
            "owner_id": "949263681218",
            "tags": {
              "Name": "rab"
            },
            "tags_all": {
              "Name": "rab"
            }
          },
          "sensitive_attributes": [],
          "private": "eyJzY2hlbWFfdmVyc2lvbiI6IjEifQ=="
        }
      ]
    }
  ]
}
