{
  "version": 4,
  "terraform_version": "1.1.2",
  "serial": 181,
  "lineage": "02f9b8e9-a0f6-395b-1d27-47c926b49dd3",
  "outputs": {},
  "resources": [
    {
      "module": "module.ec2",
      "mode": "data",
      "type": "aws_ami",
      "name": "latest_amazon_ami",
      "provider": "provider[\"registry.terraform.io/hashicorp/aws\"]",
      "instances": [
        {
          "schema_version": 0,
          "attributes": {
            "architecture": "x86_64",
            "arn": "arn:aws:ec2:us-east-1::image/ami-0abfd868f654b92be",
            "block_device_mappings": [
              {
                "device_name": "/dev/xvda",
                "ebs": {
                  "delete_on_termination": "true",
                  "encrypted": "false",
                  "iops": "0",
                  "snapshot_id": "snap-0c37da531090253d3",
                  "throughput": "0",
                  "volume_size": "8",
                  "volume_type": "gp2"
                },
                "no_device": "",
                "virtual_name": ""
              }
            ],
            "creation_date": "2021-12-23T01:23:52.000Z",
            "description": "Amazon Linux AMI 2018.03.0.20211222.0 x86_64 HVM gp2",
            "ena_support": true,
            "executable_users": null,
            "filter": [
              {
                "name": "name",
                "values": [
                  "amzn-ami-hvm-*-*-gp2"
                ]
              },
              {
                "name": "root-device-type",
                "values": [
                  "ebs"
                ]
              },
              {
                "name": "virtualization-type",
                "values": [
                  "hvm"
                ]
              }
            ],
            "hypervisor": "xen",
            "id": "ami-0abfd868f654b92be",
            "image_id": "ami-0abfd868f654b92be",
            "image_location": "amazon/amzn-ami-hvm-2018.03.0.20211222.0-x86_64-gp2",
            "image_owner_alias": "amazon",
            "image_type": "machine",
            "kernel_id": null,
            "most_recent": true,
            "name": "amzn-ami-hvm-2018.03.0.20211222.0-x86_64-gp2",
            "name_regex": null,
            "owner_id": "137112412989",
            "owners": [
              "amazon"
            ],
            "platform": null,
            "platform_details": "Linux/UNIX",
            "product_codes": [],
            "public": true,
            "ramdisk_id": null,
            "root_device_name": "/dev/xvda",
            "root_device_type": "ebs",
            "root_snapshot_id": "snap-0c37da531090253d3",
            "sriov_net_support": "simple",
            "state": "available",
            "state_reason": {
              "code": "UNSET",
              "message": "UNSET"
            },
            "tags": {},
            "usage_operation": "RunInstances",
            "virtualization_type": "hvm"
          },
          "sensitive_attributes": []
        }
      ]
    },
    {
      "module": "module.ec2",
      "mode": "managed",
      "type": "aws_instance",
      "name": "web_server",
      "provider": "provider[\"registry.terraform.io/hashicorp/aws\"]",
      "instances": [
        {
          "schema_version": 1,
          "attributes": {
            "ami": "ami-0abfd868f654b92be",
            "arn": "arn:aws:ec2:us-east-1:949263681218:instance/i-0542913e5cea64cf3",
            "associate_public_ip_address": true,
            "availability_zone": "us-east-1a",
            "capacity_reservation_specification": [
              {
                "capacity_reservation_preference": "open",
                "capacity_reservation_target": []
              }
            ],
            "cpu_core_count": 1,
            "cpu_threads_per_core": 1,
            "credit_specification": [
              {
                "cpu_credits": "standard"
              }
            ],
            "disable_api_termination": false,
            "ebs_block_device": [],
            "ebs_optimized": false,
            "enclave_options": [
              {
                "enabled": false
              }
            ],
            "ephemeral_block_device": [],
            "get_password_data": false,
            "hibernation": false,
            "host_id": null,
            "iam_instance_profile": "",
            "id": "i-0542913e5cea64cf3",
            "instance_initiated_shutdown_behavior": "stop",
            "instance_state": "running",
            "instance_type": "t2.micro",
            "ipv6_address_count": 0,
            "ipv6_addresses": [],
            "key_name": "app-key",
            "launch_template": [],
            "metadata_options": [
              {
                "http_endpoint": "enabled",
                "http_put_response_hop_limit": 1,
                "http_tokens": "optional"
              }
            ],
            "monitoring": false,
            "network_interface": [],
            "outpost_arn": "",
            "password_data": "",
            "placement_group": "",
            "placement_partition_number": null,
            "primary_network_interface_id": "eni-0f97b1cb289c30aed",
            "private_dns": "ip-10-0-1-152.ec2.internal",
            "private_ip": "10.0.1.152",
            "public_dns": "",
            "public_ip": "54.224.212.50",
            "root_block_device": [
              {
                "delete_on_termination": true,
                "device_name": "/dev/xvda",
                "encrypted": false,
                "iops": 100,
                "kms_key_id": "",
                "tags": {},
                "throughput": 0,
                "volume_id": "vol-09038d42bff409d12",
                "volume_size": 8,
                "volume_type": "gp2"
              }
            ],
            "secondary_private_ips": [],
            "security_groups": [],
            "source_dest_check": true,
            "subnet_id": "subnet-0afaacb449aebe025",
            "tags": {
              "Name": "Web Server"
            },
            "tags_all": {
              "Name": "Web Server"
            },
            "tenancy": "default",
            "timeouts": null,
            "user_data": null,
            "user_data_base64": null,
            "volume_tags": null,
            "vpc_security_group_ids": [
              "sg-09f508eac74e4048d"
            ]
          },
          "sensitive_attributes": [],
          "private": "eyJlMmJmYjczMC1lY2FhLTExZTYtOGY4OC0zNDM2M2JjN2M0YzAiOnsiY3JlYXRlIjo2MDAwMDAwMDAwMDAsImRlbGV0ZSI6MTIwMDAwMDAwMDAwMCwidXBkYXRlIjo2MDAwMDAwMDAwMDB9LCJzY2hlbWFfdmVyc2lvbiI6IjEifQ==",
          "dependencies": [
            "module.ec2.data.aws_ami.latest_amazon_ami",
            "module.securitygrp.aws_security_group.lb_sg",
            "module.securitygrp.aws_security_group.web_server_sg",
            "module.vpc.aws_subnet.pub_subnet_1",
            "module.vpc.aws_vpc.vpc"
          ]
        }
      ]
    },
    {
      "module": "module.ec2",
      "mode": "managed",
      "type": "aws_key_pair",
      "name": "app-instance-key",
      "provider": "provider[\"registry.terraform.io/hashicorp/aws\"]",
      "instances": [
        {
          "schema_version": 1,
          "attributes": {
            "arn": "arn:aws:ec2:us-east-1:949263681218:key-pair/app-key",
            "fingerprint": "c9:56:c5:59:63:b4:1c:08:c1:ed:05:70:04:59:72:13",
            "id": "app-key",
            "key_name": "app-key",
            "key_name_prefix": "",
            "key_pair_id": "key-08c06dc12bf62b4fe",
            "public_key": "ssh-rsa AAAAB3NzaC1yc2EAAAADAQABAAABAQDOji1rmKqZ8G9/Kc885UXJl3nMbYwNcFObXEbpWLaypZUo2U0sKBd3mjyLVGPmsyOMs90qbD+tlmjpQafL1ziIhRdx3urNw5Vv0XbsXf2WFayNJk87s6/x6v3l9gRHOaCVFe8yPQampDlgLj/zp/5X5cosrLZFIpR/4lUx6GpVFLIs+t9ki9lS0Z/pn2/nJ39lgCIPTCwcCKDjAW0UVenif/Z6L7hdXAQh6GV6yBzzqIWYGsqPLVB+v6f+CZgfwcejMgItnsFETCEggZHyok9CiQQXvPPEVD8ITYUABpUtgx/t+mS0DTdWa82fmJWtmApPNn4yenk9kbKMRNfwthyb",
            "tags": null,
            "tags_all": {}
          },
          "sensitive_attributes": [],
          "private": "eyJzY2hlbWFfdmVyc2lvbiI6IjEifQ==",
          "dependencies": [
            "module.ec2.tls_private_key.app-key"
          ]
        }
      ]
    },
    {
      "module": "module.ec2",
      "mode": "managed",
      "type": "local_file",
      "name": "app-key",
      "provider": "provider[\"registry.terraform.io/hashicorp/local\"]",
      "instances": [
        {
          "schema_version": 0,
          "attributes": {
            "content": "-----BEGIN RSA PRIVATE KEY-----\nMIIEowIBAAKCAQEAzo4ta5iqmfBvfynPPOVFyZd5zG2MDXBTm1xG6Vi2sqWVKNlN\nLCgXd5o8i1Rj5rMjjLPdKmw/rZZo6UGny9c4iIUXcd7qzcOVb9F27F39lhWsjSZP\nO7Ov8er95fYERzmglRXvMj0GpqQ5YC4/86f+V+XKLKy2RSKUf+JVMehqVRSyLPrf\nZIvZUtGf6Z9v5yd/ZYAiD0wsHAig4wFtFFXp4n/2ei+4XVwEIehlesgc86iFmBrK\njy1Qfr+n/gmYH8HHozICLZ7BREwhIIGR8qJPQokEF7zzxFQ/CE2FAAaVLYMf7fpk\ntA03VmvNn5iVrZgKTzZ+Mnp5PZGyjETX8LYcmwIDAQABAoIBAFKd0ZL4tDvwTFhb\ne7WKqrgwKxpWMq9pXzeD2CUbQ6/+xMNa7yAbRQ+klFTSQ0cSHcT4aBzAwVOIFpw9\nk4TXp5gLS85S8C2u7gWUjXGLQpOWRbcLPKPPgi9L45PoK9vlM9KNvGemuxNKGlzb\nAt9NMVEs6wmlZx4N78Ga4KKeqHEwplKTYYYXSoLvif6Jg01LhCxpYpwTscftKSqi\nFazMbCSYtZ/gmeu3TfM2/HaR8qYLFtiFWz+LXmX2EFS64EcoMww0IhD0+u7m7DMr\nYRbMIRyBRRB+wKuQ+zm2n+dOzuntPpohGT7kaiaLEaOpPinXmoY53DB9FuA+EfGi\nkeAXKtECgYEA+sljs9gagsVDv/WUTeYZS3tXo0CnTUZl/pjnlY0az/EGu/mAwold\nrqMBeQ9vAMB0UKPh+b2PTfTwcbXS5r1KzuwN1+WwHl57xyHNY5i5AO2pfXvQxrBw\ncylqCsTWuV1XAEtUKG/QGKXCVMeQh0UiP23FNPkOKAngmx6DeVHeI8MCgYEA0tln\nBaQ+oFp/DOz3xKRCY3T8/yi+V4m7veZ+WiHO+Jx4b3BwrHsyjotiQOkczVQl0AjR\nF3pUxi4ozcbM5+sgpYX/CplGId5YHBiglm/kj36tpQDtA60Gwt6HWO3mhcGoh4Oi\nj0dlgyKj+0/9fbPE54vCp0xWYP2T/JCgD+OdzkkCgYAz0wAmfwbjdS5N8crG2kDp\n50Ax/T9VabHUDfb1YaZjyDQTDjk8ejSAzTCVusm+hwbCT0t4V2LQwkgZx3AgvIdE\nAWXO8qkVbYL4oJSX+0xn07UNuFNpa7ahJbLDLPAOeCptZiOrA4gmP8LL0D2epnuw\nTdfN3ZW+UmQ2yfRzUqasDwKBgQCtYmE5Xmqxajl345WLepetOZKiMFr1mSlta5ET\nhSGxhtnyqb+91kEovq25OviYUE4X2Gg4qjv0DBk5vfTZ8ZwTATFNAeWODEzgLdBA\nZRrKdR1NxokgsLQSovMhyd/6tdlkNncC428yetXl301QhPeygFc9Q6T0dRGway10\nY3RtIQKBgERqYiVcCqT3vqaxcKPcznP6SKWeeorlrTNkKNbF5/kISohgC0nwfZzS\nxVsEZ1u7zJ8HKFupltHFAI0yF69STLpX+8LHFeHp7IJ9/ojPVXo2BrVxCW90We8Y\nJgo7T8MK/EK7h/JyUw7A0mRdCwaMXJ1CljYC/P04S35mFCP9zK1o\n-----END RSA PRIVATE KEY-----\n",
            "content_base64": null,
            "directory_permission": "0777",
            "file_permission": "0777",
            "filename": "app-key.pem",
            "id": "2ca24f68c0bff2d4bc9595f58b75e5b0ce09a2fa",
            "sensitive_content": null,
            "source": null
          },
          "sensitive_attributes": [
            [
              {
                "type": "get_attr",
                "value": "content"
              }
            ]
          ],
          "private": "bnVsbA==",
          "dependencies": [
            "module.ec2.tls_private_key.app-key"
          ]
        }
      ]
    },
    {
      "module": "module.ec2",
      "mode": "managed",
      "type": "tls_private_key",
      "name": "app-key",
      "provider": "provider[\"registry.terraform.io/hashicorp/tls\"]",
      "instances": [
        {
          "schema_version": 0,
          "attributes": {
            "algorithm": "RSA",
            "ecdsa_curve": "P224",
            "id": "2b13877122c4f412ed9d559445d065b33c79ec0f",
            "private_key_pem": "-----BEGIN RSA PRIVATE KEY-----\nMIIEowIBAAKCAQEAzo4ta5iqmfBvfynPPOVFyZd5zG2MDXBTm1xG6Vi2sqWVKNlN\nLCgXd5o8i1Rj5rMjjLPdKmw/rZZo6UGny9c4iIUXcd7qzcOVb9F27F39lhWsjSZP\nO7Ov8er95fYERzmglRXvMj0GpqQ5YC4/86f+V+XKLKy2RSKUf+JVMehqVRSyLPrf\nZIvZUtGf6Z9v5yd/ZYAiD0wsHAig4wFtFFXp4n/2ei+4XVwEIehlesgc86iFmBrK\njy1Qfr+n/gmYH8HHozICLZ7BREwhIIGR8qJPQokEF7zzxFQ/CE2FAAaVLYMf7fpk\ntA03VmvNn5iVrZgKTzZ+Mnp5PZGyjETX8LYcmwIDAQABAoIBAFKd0ZL4tDvwTFhb\ne7WKqrgwKxpWMq9pXzeD2CUbQ6/+xMNa7yAbRQ+klFTSQ0cSHcT4aBzAwVOIFpw9\nk4TXp5gLS85S8C2u7gWUjXGLQpOWRbcLPKPPgi9L45PoK9vlM9KNvGemuxNKGlzb\nAt9NMVEs6wmlZx4N78Ga4KKeqHEwplKTYYYXSoLvif6Jg01LhCxpYpwTscftKSqi\nFazMbCSYtZ/gmeu3TfM2/HaR8qYLFtiFWz+LXmX2EFS64EcoMww0IhD0+u7m7DMr\nYRbMIRyBRRB+wKuQ+zm2n+dOzuntPpohGT7kaiaLEaOpPinXmoY53DB9FuA+EfGi\nkeAXKtECgYEA+sljs9gagsVDv/WUTeYZS3tXo0CnTUZl/pjnlY0az/EGu/mAwold\nrqMBeQ9vAMB0UKPh+b2PTfTwcbXS5r1KzuwN1+WwHl57xyHNY5i5AO2pfXvQxrBw\ncylqCsTWuV1XAEtUKG/QGKXCVMeQh0UiP23FNPkOKAngmx6DeVHeI8MCgYEA0tln\nBaQ+oFp/DOz3xKRCY3T8/yi+V4m7veZ+WiHO+Jx4b3BwrHsyjotiQOkczVQl0AjR\nF3pUxi4ozcbM5+sgpYX/CplGId5YHBiglm/kj36tpQDtA60Gwt6HWO3mhcGoh4Oi\nj0dlgyKj+0/9fbPE54vCp0xWYP2T/JCgD+OdzkkCgYAz0wAmfwbjdS5N8crG2kDp\n50Ax/T9VabHUDfb1YaZjyDQTDjk8ejSAzTCVusm+hwbCT0t4V2LQwkgZx3AgvIdE\nAWXO8qkVbYL4oJSX+0xn07UNuFNpa7ahJbLDLPAOeCptZiOrA4gmP8LL0D2epnuw\nTdfN3ZW+UmQ2yfRzUqasDwKBgQCtYmE5Xmqxajl345WLepetOZKiMFr1mSlta5ET\nhSGxhtnyqb+91kEovq25OviYUE4X2Gg4qjv0DBk5vfTZ8ZwTATFNAeWODEzgLdBA\nZRrKdR1NxokgsLQSovMhyd/6tdlkNncC428yetXl301QhPeygFc9Q6T0dRGway10\nY3RtIQKBgERqYiVcCqT3vqaxcKPcznP6SKWeeorlrTNkKNbF5/kISohgC0nwfZzS\nxVsEZ1u7zJ8HKFupltHFAI0yF69STLpX+8LHFeHp7IJ9/ojPVXo2BrVxCW90We8Y\nJgo7T8MK/EK7h/JyUw7A0mRdCwaMXJ1CljYC/P04S35mFCP9zK1o\n-----END RSA PRIVATE KEY-----\n",
            "public_key_fingerprint_md5": "19:04:81:e0:13:2e:4c:6a:1f:35:56:eb:bf:c1:a6:38",
            "public_key_openssh": "ssh-rsa AAAAB3NzaC1yc2EAAAADAQABAAABAQDOji1rmKqZ8G9/Kc885UXJl3nMbYwNcFObXEbpWLaypZUo2U0sKBd3mjyLVGPmsyOMs90qbD+tlmjpQafL1ziIhRdx3urNw5Vv0XbsXf2WFayNJk87s6/x6v3l9gRHOaCVFe8yPQampDlgLj/zp/5X5cosrLZFIpR/4lUx6GpVFLIs+t9ki9lS0Z/pn2/nJ39lgCIPTCwcCKDjAW0UVenif/Z6L7hdXAQh6GV6yBzzqIWYGsqPLVB+v6f+CZgfwcejMgItnsFETCEggZHyok9CiQQXvPPEVD8ITYUABpUtgx/t+mS0DTdWa82fmJWtmApPNn4yenk9kbKMRNfwthyb\n",
            "public_key_pem": "-----BEGIN PUBLIC KEY-----\nMIIBIjANBgkqhkiG9w0BAQEFAAOCAQ8AMIIBCgKCAQEAzo4ta5iqmfBvfynPPOVF\nyZd5zG2MDXBTm1xG6Vi2sqWVKNlNLCgXd5o8i1Rj5rMjjLPdKmw/rZZo6UGny9c4\niIUXcd7qzcOVb9F27F39lhWsjSZPO7Ov8er95fYERzmglRXvMj0GpqQ5YC4/86f+\nV+XKLKy2RSKUf+JVMehqVRSyLPrfZIvZUtGf6Z9v5yd/ZYAiD0wsHAig4wFtFFXp\n4n/2ei+4XVwEIehlesgc86iFmBrKjy1Qfr+n/gmYH8HHozICLZ7BREwhIIGR8qJP\nQokEF7zzxFQ/CE2FAAaVLYMf7fpktA03VmvNn5iVrZgKTzZ+Mnp5PZGyjETX8LYc\nmwIDAQAB\n-----END PUBLIC KEY-----\n",
            "rsa_bits": 2048
          },
          "sensitive_attributes": [],
          "private": "bnVsbA=="
        }
      ]
    },
    {
      "module": "module.securitygrp",
      "mode": "managed",
      "type": "aws_security_group",
      "name": "app_server_sg",
      "provider": "provider[\"registry.terraform.io/hashicorp/aws\"]",
      "instances": [
        {
          "schema_version": 1,
          "attributes": {
            "arn": "arn:aws:ec2:us-east-1:949263681218:security-group/sg-094303e45145aff80",
            "description": "Application Server Security Group",
            "egress": [
              {
                "cidr_blocks": [
                  "0.0.0.0/0"
                ],
                "description": "",
                "from_port": 0,
                "ipv6_cidr_blocks": [],
                "prefix_list_ids": [],
                "protocol": "-1",
                "security_groups": [],
                "self": false,
                "to_port": 0
              }
            ],
            "id": "sg-094303e45145aff80",
            "ingress": [
              {
                "cidr_blocks": [
                  "10.0.0.0/16"
                ],
                "description": "",
                "from_port": 0,
                "ipv6_cidr_blocks": [],
                "prefix_list_ids": [],
                "protocol": "-1",
                "security_groups": [],
                "self": false,
                "to_port": 0
              }
            ],
            "name": "app_server_sg",
            "name_prefix": "",
            "owner_id": "949263681218",
            "revoke_rules_on_delete": false,
            "tags": {
              "Name": "app_server_sg"
            },
            "tags_all": {
              "Name": "app_server_sg"
            },
            "timeouts": null,
            "vpc_id": "vpc-04af9a80562bbcb0e"
          },
          "sensitive_attributes": [],
          "private": "eyJlMmJmYjczMC1lY2FhLTExZTYtOGY4OC0zNDM2M2JjN2M0YzAiOnsiY3JlYXRlIjo2MDAwMDAwMDAwMDAsImRlbGV0ZSI6OTAwMDAwMDAwMDAwfSwic2NoZW1hX3ZlcnNpb24iOiIxIn0=",
          "dependencies": [
            "module.vpc.aws_vpc.vpc"
          ]
        }
      ]
    },
    {
      "module": "module.securitygrp",
      "mode": "managed",
      "type": "aws_security_group",
      "name": "lb_sg",
      "provider": "provider[\"registry.terraform.io/hashicorp/aws\"]",
      "instances": [
        {
          "schema_version": 1,
          "attributes": {
            "arn": "arn:aws:ec2:us-east-1:949263681218:security-group/sg-005dbb8b5ed91046e",
            "description": "ALB Security Group",
            "egress": [
              {
                "cidr_blocks": [
                  "0.0.0.0/0"
                ],
                "description": "",
                "from_port": 0,
                "ipv6_cidr_blocks": [],
                "prefix_list_ids": [],
                "protocol": "-1",
                "security_groups": [],
                "self": false,
                "to_port": 0
              }
            ],
            "id": "sg-005dbb8b5ed91046e",
            "ingress": [
              {
                "cidr_blocks": [
                  "0.0.0.0/0"
                ],
                "description": "",
                "from_port": 443,
                "ipv6_cidr_blocks": [],
                "prefix_list_ids": [],
                "protocol": "tcp",
                "security_groups": [],
                "self": false,
                "to_port": 443
              },
              {
                "cidr_blocks": [
                  "0.0.0.0/0"
                ],
                "description": "",
                "from_port": 80,
                "ipv6_cidr_blocks": [],
                "prefix_list_ids": [],
                "protocol": "tcp",
                "security_groups": [],
                "self": false,
                "to_port": 80
              }
            ],
            "name": "lb_sg",
            "name_prefix": "",
            "owner_id": "949263681218",
            "revoke_rules_on_delete": false,
            "tags": {
              "Name": "lb_sg"
            },
            "tags_all": {
              "Name": "lb_sg"
            },
            "timeouts": null,
            "vpc_id": "vpc-04af9a80562bbcb0e"
          },
          "sensitive_attributes": [],
          "private": "eyJlMmJmYjczMC1lY2FhLTExZTYtOGY4OC0zNDM2M2JjN2M0YzAiOnsiY3JlYXRlIjo2MDAwMDAwMDAwMDAsImRlbGV0ZSI6OTAwMDAwMDAwMDAwfSwic2NoZW1hX3ZlcnNpb24iOiIxIn0=",
          "dependencies": [
            "module.vpc.aws_vpc.vpc"
          ]
        }
      ]
    },
    {
      "module": "module.securitygrp",
      "mode": "managed",
      "type": "aws_security_group",
      "name": "rds_sg",
      "provider": "provider[\"registry.terraform.io/hashicorp/aws\"]",
      "instances": [
        {
          "schema_version": 1,
          "attributes": {
            "arn": "arn:aws:ec2:us-east-1:949263681218:security-group/sg-0b81a56d4c00015b9",
            "description": "MySQL DB Security Group",
            "egress": [
              {
                "cidr_blocks": [
                  "0.0.0.0/0"
                ],
                "description": "",
                "from_port": 0,
                "ipv6_cidr_blocks": [],
                "prefix_list_ids": [],
                "protocol": "-1",
                "security_groups": [],
                "self": false,
                "to_port": 0
              }
            ],
            "id": "sg-0b81a56d4c00015b9",
            "ingress": [
              {
                "cidr_blocks": [
                  "10.0.0.0/16"
                ],
                "description": "",
                "from_port": 3306,
                "ipv6_cidr_blocks": [],
                "prefix_list_ids": [],
                "protocol": "tcp",
                "security_groups": [],
                "self": false,
                "to_port": 3306
              }
            ],
            "name": "rds_sg",
            "name_prefix": "",
            "owner_id": "949263681218",
            "revoke_rules_on_delete": false,
            "tags": {
              "Name": "rds_sg"
            },
            "tags_all": {
              "Name": "rds_sg"
            },
            "timeouts": null,
            "vpc_id": "vpc-04af9a80562bbcb0e"
          },
          "sensitive_attributes": [],
          "private": "eyJlMmJmYjczMC1lY2FhLTExZTYtOGY4OC0zNDM2M2JjN2M0YzAiOnsiY3JlYXRlIjo2MDAwMDAwMDAwMDAsImRlbGV0ZSI6OTAwMDAwMDAwMDAwfSwic2NoZW1hX3ZlcnNpb24iOiIxIn0=",
          "dependencies": [
            "module.vpc.aws_vpc.vpc"
          ]
        }
      ]
    },
    {
      "module": "module.securitygrp",
      "mode": "managed",
      "type": "aws_security_group",
      "name": "web_server_sg",
      "provider": "provider[\"registry.terraform.io/hashicorp/aws\"]",
      "instances": [
        {
          "schema_version": 1,
          "attributes": {
            "arn": "arn:aws:ec2:us-east-1:949263681218:security-group/sg-09f508eac74e4048d",
            "description": "Web Server Security Group",
            "egress": [
              {
                "cidr_blocks": [
                  "0.0.0.0/0"
                ],
                "description": "",
                "from_port": 0,
                "ipv6_cidr_blocks": [],
                "prefix_list_ids": [],
                "protocol": "-1",
                "security_groups": [],
                "self": false,
                "to_port": 0
              }
            ],
            "id": "sg-09f508eac74e4048d",
            "ingress": [
              {
                "cidr_blocks": [
                  "0.0.0.0/0"
                ],
                "description": "",
                "from_port": 22,
                "ipv6_cidr_blocks": [],
                "prefix_list_ids": [],
                "protocol": "tcp",
                "security_groups": [],
                "self": false,
                "to_port": 22
              },
              {
                "cidr_blocks": [],
                "description": "",
                "from_port": 80,
                "ipv6_cidr_blocks": [],
                "prefix_list_ids": [],
                "protocol": "tcp",
                "security_groups": [
                  "sg-005dbb8b5ed91046e"
                ],
                "self": false,
                "to_port": 80
              }
            ],
            "name": "web_server_sg",
            "name_prefix": "",
            "owner_id": "949263681218",
            "revoke_rules_on_delete": false,
            "tags": {
              "Name": "web_server_sg"
            },
            "tags_all": {
              "Name": "web_server_sg"
            },
            "timeouts": null,
            "vpc_id": "vpc-04af9a80562bbcb0e"
          },
          "sensitive_attributes": [],
          "private": "eyJlMmJmYjczMC1lY2FhLTExZTYtOGY4OC0zNDM2M2JjN2M0YzAiOnsiY3JlYXRlIjo2MDAwMDAwMDAwMDAsImRlbGV0ZSI6OTAwMDAwMDAwMDAwfSwic2NoZW1hX3ZlcnNpb24iOiIxIn0=",
          "dependencies": [
            "module.securitygrp.aws_security_group.lb_sg",
            "module.vpc.aws_vpc.vpc"
          ]
        }
      ]
    },
    {
      "module": "module.vpc",
      "mode": "managed",
      "type": "aws_default_route_table",
      "name": "pvt_rtb",
      "provider": "provider[\"registry.terraform.io/hashicorp/aws\"]",
      "instances": [
        {
          "schema_version": 0,
          "attributes": {
            "arn": "arn:aws:ec2:us-east-1:949263681218:route-table/rtb-0b372c792b2175d69",
            "default_route_table_id": "rtb-0b372c792b2175d69",
            "id": "rtb-0b372c792b2175d69",
            "owner_id": "949263681218",
            "propagating_vgws": null,
            "route": [
              {
                "cidr_block": "0.0.0.0/0",
                "destination_prefix_list_id": "",
                "egress_only_gateway_id": "",
                "gateway_id": "",
                "instance_id": "",
                "ipv6_cidr_block": "",
                "nat_gateway_id": "nat-0bb11cb9f615ccf1c",
                "network_interface_id": "",
                "transit_gateway_id": "",
                "vpc_endpoint_id": "",
                "vpc_peering_connection_id": ""
              }
            ],
            "tags": {
              "Name": "pvt_rtb"
            },
            "tags_all": {
              "Name": "pvt_rtb"
            },
            "timeouts": null,
            "vpc_id": "vpc-04af9a80562bbcb0e"
          },
          "sensitive_attributes": [],
          "private": "eyJlMmJmYjczMC1lY2FhLTExZTYtOGY4OC0zNDM2M2JjN2M0YzAiOnsiY3JlYXRlIjoxMjAwMDAwMDAwMDAsInVwZGF0ZSI6MTIwMDAwMDAwMDAwfX0=",
          "dependencies": [
            "module.vpc.aws_eip.nat_ip",
            "module.vpc.aws_nat_gateway.nat_gateway",
            "module.vpc.aws_subnet.pub_subnet_1",
            "module.vpc.aws_vpc.vpc"
          ]
        }
      ]
    },
    {
      "module": "module.vpc",
      "mode": "managed",
      "type": "aws_eip",
      "name": "nat_ip",
      "provider": "provider[\"registry.terraform.io/hashicorp/aws\"]",
      "instances": [
        {
          "schema_version": 0,
          "attributes": {
            "address": null,
            "allocation_id": "eipalloc-0e4bce58eee9fa9e6",
            "associate_with_private_ip": null,
            "association_id": "",
            "carrier_ip": "",
            "customer_owned_ip": "",
            "customer_owned_ipv4_pool": "",
            "domain": "vpc",
            "id": "eipalloc-0e4bce58eee9fa9e6",
            "instance": "",
            "network_border_group": "us-east-1",
            "network_interface": "",
            "private_dns": null,
            "private_ip": "",
            "public_dns": "ec2-34-225-42-105.compute-1.amazonaws.com",
            "public_ip": "34.225.42.105",
            "public_ipv4_pool": "amazon",
            "tags": null,
            "tags_all": {},
            "timeouts": null,
            "vpc": true
          },
          "sensitive_attributes": [],
          "private": "eyJlMmJmYjczMC1lY2FhLTExZTYtOGY4OC0zNDM2M2JjN2M0YzAiOnsiZGVsZXRlIjoxODAwMDAwMDAwMDAsInJlYWQiOjkwMDAwMDAwMDAwMCwidXBkYXRlIjozMDAwMDAwMDAwMDB9fQ=="
        }
      ]
    },
    {
      "module": "module.vpc",
      "mode": "managed",
      "type": "aws_internet_gateway",
      "name": "igw",
      "provider": "provider[\"registry.terraform.io/hashicorp/aws\"]",
      "instances": [
        {
          "schema_version": 0,
          "attributes": {
            "arn": "arn:aws:ec2:us-east-1:949263681218:internet-gateway/igw-0f425c965604eb97f",
            "id": "igw-0f425c965604eb97f",
            "owner_id": "949263681218",
            "tags": {
              "Name": "rab"
            },
            "tags_all": {
              "Name": "rab"
            },
            "vpc_id": "vpc-04af9a80562bbcb0e"
          },
          "sensitive_attributes": [],
          "private": "bnVsbA==",
          "dependencies": [
            "module.vpc.aws_vpc.vpc"
          ]
        }
      ]
    },
    {
      "module": "module.vpc",
      "mode": "managed",
      "type": "aws_nat_gateway",
      "name": "nat_gateway",
      "provider": "provider[\"registry.terraform.io/hashicorp/aws\"]",
      "instances": [
        {
          "schema_version": 0,
          "attributes": {
            "allocation_id": "eipalloc-0e4bce58eee9fa9e6",
            "connectivity_type": "public",
            "id": "nat-0bb11cb9f615ccf1c",
            "network_interface_id": "eni-091c5831900d38e78",
            "private_ip": "10.0.1.39",
            "public_ip": "34.225.42.105",
            "subnet_id": "subnet-0afaacb449aebe025",
            "tags": {
              "Name": "test_vpc_nat"
            },
            "tags_all": {
              "Name": "test_vpc_nat"
            }
          },
          "sensitive_attributes": [],
          "private": "bnVsbA==",
          "dependencies": [
            "module.vpc.aws_eip.nat_ip",
            "module.vpc.aws_subnet.pub_subnet_1",
            "module.vpc.aws_vpc.vpc"
          ]
        }
      ]
    },
    {
      "module": "module.vpc",
      "mode": "managed",
      "type": "aws_network_acl",
      "name": "pub_nacl",
      "provider": "provider[\"registry.terraform.io/hashicorp/aws\"]",
      "instances": [
        {
          "schema_version": 0,
          "attributes": {
            "arn": "arn:aws:ec2:us-east-1:949263681218:network-acl/acl-0e01c5077f1d42dce",
            "egress": [
              {
                "action": "allow",
                "cidr_block": "0.0.0.0/0",
                "from_port": 1024,
                "icmp_code": null,
                "icmp_type": null,
                "ipv6_cidr_block": "",
                "protocol": "tcp",
                "rule_no": 400,
                "to_port": 65535
              },
              {
                "action": "allow",
                "cidr_block": "0.0.0.0/0",
                "from_port": 22,
                "icmp_code": null,
                "icmp_type": null,
                "ipv6_cidr_block": "",
                "protocol": "tcp",
                "rule_no": 300,
                "to_port": 22
              },
              {
                "action": "allow",
                "cidr_block": "0.0.0.0/0",
                "from_port": 443,
                "icmp_code": null,
                "icmp_type": null,
                "ipv6_cidr_block": "",
                "protocol": "tcp",
                "rule_no": 200,
                "to_port": 443
              },
              {
                "action": "allow",
                "cidr_block": "0.0.0.0/0",
                "from_port": 80,
                "icmp_code": null,
                "icmp_type": null,
                "ipv6_cidr_block": "",
                "protocol": "tcp",
                "rule_no": 100,
                "to_port": 80
              }
            ],
            "id": "acl-0e01c5077f1d42dce",
            "ingress": [
              {
                "action": "allow",
                "cidr_block": "0.0.0.0/0",
                "from_port": 1024,
                "icmp_code": null,
                "icmp_type": null,
                "ipv6_cidr_block": "",
                "protocol": "tcp",
                "rule_no": 400,
                "to_port": 65535
              },
              {
                "action": "allow",
                "cidr_block": "0.0.0.0/0",
                "from_port": 22,
                "icmp_code": null,
                "icmp_type": null,
                "ipv6_cidr_block": "",
                "protocol": "tcp",
                "rule_no": 300,
                "to_port": 22
              },
              {
                "action": "allow",
                "cidr_block": "0.0.0.0/0",
                "from_port": 443,
                "icmp_code": null,
                "icmp_type": null,
                "ipv6_cidr_block": "",
                "protocol": "tcp",
                "rule_no": 200,
                "to_port": 443
              },
              {
                "action": "allow",
                "cidr_block": "0.0.0.0/0",
                "from_port": 80,
                "icmp_code": null,
                "icmp_type": null,
                "ipv6_cidr_block": "",
                "protocol": "tcp",
                "rule_no": 100,
                "to_port": 80
              }
            ],
            "owner_id": "949263681218",
            "subnet_ids": [
              "subnet-017fe62b6c742511b",
              "subnet-0afaacb449aebe025"
            ],
            "tags": {
              "Name": "pub_nacl"
            },
            "tags_all": {
              "Name": "pub_nacl"
            },
            "vpc_id": "vpc-04af9a80562bbcb0e"
          },
          "sensitive_attributes": [],
          "private": "bnVsbA==",
          "dependencies": [
            "module.vpc.aws_subnet.pub_subnet_1",
            "module.vpc.aws_subnet.pub_subnet_2",
            "module.vpc.aws_vpc.vpc"
          ]
        }
      ]
    },
    {
      "module": "module.vpc",
      "mode": "managed",
      "type": "aws_route_table",
      "name": "pub_rtb",
      "provider": "provider[\"registry.terraform.io/hashicorp/aws\"]",
      "instances": [
        {
          "schema_version": 0,
          "attributes": {
            "arn": "arn:aws:ec2:us-east-1:949263681218:route-table/rtb-0b0154ed413a3eee3",
            "id": "rtb-0b0154ed413a3eee3",
            "owner_id": "949263681218",
            "propagating_vgws": [],
            "route": [
              {
                "carrier_gateway_id": "",
                "cidr_block": "0.0.0.0/0",
                "destination_prefix_list_id": "",
                "egress_only_gateway_id": "",
                "gateway_id": "igw-0f425c965604eb97f",
                "instance_id": "",
                "ipv6_cidr_block": "",
                "local_gateway_id": "",
                "nat_gateway_id": "",
                "network_interface_id": "",
                "transit_gateway_id": "",
                "vpc_endpoint_id": "",
                "vpc_peering_connection_id": ""
              }
            ],
            "tags": {
              "Name": "pub_rtb"
            },
            "tags_all": {
              "Name": "pub_rtb"
            },
            "timeouts": null,
            "vpc_id": "vpc-04af9a80562bbcb0e"
          },
          "sensitive_attributes": [],
          "private": "eyJlMmJmYjczMC1lY2FhLTExZTYtOGY4OC0zNDM2M2JjN2M0YzAiOnsiY3JlYXRlIjozMDAwMDAwMDAwMDAsImRlbGV0ZSI6MzAwMDAwMDAwMDAwLCJ1cGRhdGUiOjEyMDAwMDAwMDAwMH19",
          "dependencies": [
            "module.vpc.aws_internet_gateway.igw",
            "module.vpc.aws_vpc.vpc"
          ]
        }
      ]
    },
    {
      "module": "module.vpc",
      "mode": "managed",
      "type": "aws_route_table_association",
      "name": "pub_rtb_assoc_1",
      "provider": "provider[\"registry.terraform.io/hashicorp/aws\"]",
      "instances": [
        {
          "schema_version": 0,
          "attributes": {
            "gateway_id": "",
            "id": "rtbassoc-01c27be95531dc4d9",
            "route_table_id": "rtb-0b0154ed413a3eee3",
            "subnet_id": "subnet-0afaacb449aebe025"
          },
          "sensitive_attributes": [],
          "private": "bnVsbA==",
          "dependencies": [
            "module.vpc.aws_internet_gateway.igw",
            "module.vpc.aws_route_table.pub_rtb",
            "module.vpc.aws_subnet.pub_subnet_1",
            "module.vpc.aws_vpc.vpc"
          ]
        }
      ]
    },
    {
      "module": "module.vpc",
      "mode": "managed",
      "type": "aws_route_table_association",
      "name": "pub_rtb_assoc_2",
      "provider": "provider[\"registry.terraform.io/hashicorp/aws\"]",
      "instances": [
        {
          "schema_version": 0,
          "attributes": {
            "gateway_id": "",
            "id": "rtbassoc-022efef9fb7c52746",
            "route_table_id": "rtb-0b0154ed413a3eee3",
            "subnet_id": "subnet-017fe62b6c742511b"
          },
          "sensitive_attributes": [],
          "private": "bnVsbA==",
          "dependencies": [
            "module.vpc.aws_internet_gateway.igw",
            "module.vpc.aws_route_table.pub_rtb",
            "module.vpc.aws_subnet.pub_subnet_2",
            "module.vpc.aws_vpc.vpc"
          ]
        }
      ]
    },
    {
      "module": "module.vpc",
      "mode": "managed",
      "type": "aws_subnet",
      "name": "pub_subnet_1",
      "provider": "provider[\"registry.terraform.io/hashicorp/aws\"]",
      "instances": [
        {
          "schema_version": 1,
          "attributes": {
            "arn": "arn:aws:ec2:us-east-1:949263681218:subnet/subnet-0afaacb449aebe025",
            "assign_ipv6_address_on_creation": false,
            "availability_zone": "us-east-1a",
            "availability_zone_id": "use1-az6",
            "cidr_block": "10.0.1.0/24",
            "customer_owned_ipv4_pool": "",
            "id": "subnet-0afaacb449aebe025",
            "ipv6_cidr_block": "",
            "ipv6_cidr_block_association_id": "",
            "map_customer_owned_ip_on_launch": false,
            "map_public_ip_on_launch": true,
            "outpost_arn": "",
            "owner_id": "949263681218",
            "tags": {
              "Name": "pub_subnet_1"
            },
            "tags_all": {
              "Name": "pub_subnet_1"
            },
            "timeouts": null,
            "vpc_id": "vpc-04af9a80562bbcb0e"
          },
          "sensitive_attributes": [],
          "private": "eyJlMmJmYjczMC1lY2FhLTExZTYtOGY4OC0zNDM2M2JjN2M0YzAiOnsiY3JlYXRlIjo2MDAwMDAwMDAwMDAsImRlbGV0ZSI6MTIwMDAwMDAwMDAwMH0sInNjaGVtYV92ZXJzaW9uIjoiMSJ9",
          "dependencies": [
            "module.vpc.aws_vpc.vpc"
          ]
        }
      ]
    },
    {
      "module": "module.vpc",
      "mode": "managed",
      "type": "aws_subnet",
      "name": "pub_subnet_2",
      "provider": "provider[\"registry.terraform.io/hashicorp/aws\"]",
      "instances": [
        {
          "schema_version": 1,
          "attributes": {
            "arn": "arn:aws:ec2:us-east-1:949263681218:subnet/subnet-017fe62b6c742511b",
            "assign_ipv6_address_on_creation": false,
            "availability_zone": "us-east-1b",
            "availability_zone_id": "use1-az1",
            "cidr_block": "10.0.2.0/24",
            "customer_owned_ipv4_pool": "",
            "id": "subnet-017fe62b6c742511b",
            "ipv6_cidr_block": "",
            "ipv6_cidr_block_association_id": "",
            "map_customer_owned_ip_on_launch": false,
            "map_public_ip_on_launch": true,
            "outpost_arn": "",
            "owner_id": "949263681218",
            "tags": {
              "Name": "pub_subnet_2"
            },
            "tags_all": {
              "Name": "pub_subnet_2"
            },
            "timeouts": null,
            "vpc_id": "vpc-04af9a80562bbcb0e"
          },
          "sensitive_attributes": [],
          "private": "eyJlMmJmYjczMC1lY2FhLTExZTYtOGY4OC0zNDM2M2JjN2M0YzAiOnsiY3JlYXRlIjo2MDAwMDAwMDAwMDAsImRlbGV0ZSI6MTIwMDAwMDAwMDAwMH0sInNjaGVtYV92ZXJzaW9uIjoiMSJ9",
          "dependencies": [
            "module.vpc.aws_vpc.vpc"
          ]
        }
      ]
    },
    {
      "module": "module.vpc",
      "mode": "managed",
      "type": "aws_subnet",
      "name": "pvt_subnet_1",
      "provider": "provider[\"registry.terraform.io/hashicorp/aws\"]",
      "instances": [
        {
          "schema_version": 1,
          "attributes": {
            "arn": "arn:aws:ec2:us-east-1:949263681218:subnet/subnet-08d7c89e6fd851855",
            "assign_ipv6_address_on_creation": false,
            "availability_zone": "us-east-1b",
            "availability_zone_id": "use1-az1",
            "cidr_block": "10.0.3.0/24",
            "customer_owned_ipv4_pool": "",
            "id": "subnet-08d7c89e6fd851855",
            "ipv6_cidr_block": "",
            "ipv6_cidr_block_association_id": "",
            "map_customer_owned_ip_on_launch": false,
            "map_public_ip_on_launch": false,
            "outpost_arn": "",
            "owner_id": "949263681218",
            "tags": {
              "Name": "pvt_subnet_1"
            },
            "tags_all": {
              "Name": "pvt_subnet_1"
            },
            "timeouts": null,
            "vpc_id": "vpc-04af9a80562bbcb0e"
          },
          "sensitive_attributes": [],
          "private": "eyJlMmJmYjczMC1lY2FhLTExZTYtOGY4OC0zNDM2M2JjN2M0YzAiOnsiY3JlYXRlIjo2MDAwMDAwMDAwMDAsImRlbGV0ZSI6MTIwMDAwMDAwMDAwMH0sInNjaGVtYV92ZXJzaW9uIjoiMSJ9",
          "dependencies": [
            "module.vpc.aws_vpc.vpc"
          ]
        }
      ]
    },
    {
      "module": "module.vpc",
      "mode": "managed",
      "type": "aws_subnet",
      "name": "pvt_subnet_2",
      "provider": "provider[\"registry.terraform.io/hashicorp/aws\"]",
      "instances": [
        {
          "schema_version": 1,
          "attributes": {
            "arn": "arn:aws:ec2:us-east-1:949263681218:subnet/subnet-0610e752fe53bec65",
            "assign_ipv6_address_on_creation": false,
            "availability_zone": "us-east-1a",
            "availability_zone_id": "use1-az6",
            "cidr_block": "10.0.4.0/24",
            "customer_owned_ipv4_pool": "",
            "id": "subnet-0610e752fe53bec65",
            "ipv6_cidr_block": "",
            "ipv6_cidr_block_association_id": "",
            "map_customer_owned_ip_on_launch": false,
            "map_public_ip_on_launch": false,
            "outpost_arn": "",
            "owner_id": "949263681218",
            "tags": {
              "Name": "pvt_subnet_2"
            },
            "tags_all": {
              "Name": "pvt_subnet_2"
            },
            "timeouts": null,
            "vpc_id": "vpc-04af9a80562bbcb0e"
          },
          "sensitive_attributes": [],
          "private": "eyJlMmJmYjczMC1lY2FhLTExZTYtOGY4OC0zNDM2M2JjN2M0YzAiOnsiY3JlYXRlIjo2MDAwMDAwMDAwMDAsImRlbGV0ZSI6MTIwMDAwMDAwMDAwMH0sInNjaGVtYV92ZXJzaW9uIjoiMSJ9",
          "dependencies": [
            "module.vpc.aws_vpc.vpc"
          ]
        }
      ]
    },
    {
      "module": "module.vpc",
      "mode": "managed",
      "type": "aws_vpc",
      "name": "vpc",
      "provider": "provider[\"registry.terraform.io/hashicorp/aws\"]",
      "instances": [
        {
          "schema_version": 1,
          "attributes": {
            "arn": "arn:aws:ec2:us-east-1:949263681218:vpc/vpc-04af9a80562bbcb0e",
            "assign_generated_ipv6_cidr_block": false,
            "cidr_block": "10.0.0.0/16",
            "default_network_acl_id": "acl-0740c254f4892781d",
            "default_route_table_id": "rtb-0b372c792b2175d69",
            "default_security_group_id": "sg-0c796406f63ef58a6",
            "dhcp_options_id": "dopt-01162027fba3030e5",
            "enable_classiclink": false,
            "enable_classiclink_dns_support": false,
            "enable_dns_hostnames": false,
            "enable_dns_support": true,
            "id": "vpc-04af9a80562bbcb0e",
            "instance_tenancy": "default",
            "ipv4_ipam_pool_id": null,
            "ipv4_netmask_length": null,
            "ipv6_association_id": "",
            "ipv6_cidr_block": "",
            "ipv6_ipam_pool_id": null,
            "ipv6_netmask_length": null,
            "main_route_table_id": "rtb-0b372c792b2175d69",
            "owner_id": "949263681218",
            "tags": {
              "Name": "rab"
            },
            "tags_all": {
              "Name": "rab"
            }
          },
          "sensitive_attributes": [],
          "private": "eyJzY2hlbWFfdmVyc2lvbiI6IjEifQ=="
        }
      ]
    }
  ]
}
