{
  "version": 4,
  "terraform_version": "1.1.2",
  "serial": 92,
  "lineage": "02f9b8e9-a0f6-395b-1d27-47c926b49dd3",
  "outputs": {},
  "resources": [
    {
      "module": "module.ec2",
      "mode": "data",
      "type": "aws_ami",
      "name": "latest_amazon_ami",
      "provider": "provider[\"registry.terraform.io/hashicorp/aws\"]",
      "instances": [
        {
          "schema_version": 0,
          "attributes": {
            "architecture": "x86_64",
            "arn": "arn:aws:ec2:us-east-1::image/ami-0abfd868f654b92be",
            "block_device_mappings": [
              {
                "device_name": "/dev/xvda",
                "ebs": {
                  "delete_on_termination": "true",
                  "encrypted": "false",
                  "iops": "0",
                  "snapshot_id": "snap-0c37da531090253d3",
                  "throughput": "0",
                  "volume_size": "8",
                  "volume_type": "gp2"
                },
                "no_device": "",
                "virtual_name": ""
              }
            ],
            "creation_date": "2021-12-23T01:23:52.000Z",
            "description": "Amazon Linux AMI 2018.03.0.20211222.0 x86_64 HVM gp2",
            "ena_support": true,
            "executable_users": null,
            "filter": [
              {
                "name": "name",
                "values": [
                  "amzn-ami-hvm-*-*-gp2"
                ]
              },
              {
                "name": "root-device-type",
                "values": [
                  "ebs"
                ]
              },
              {
                "name": "virtualization-type",
                "values": [
                  "hvm"
                ]
              }
            ],
            "hypervisor": "xen",
            "id": "ami-0abfd868f654b92be",
            "image_id": "ami-0abfd868f654b92be",
            "image_location": "amazon/amzn-ami-hvm-2018.03.0.20211222.0-x86_64-gp2",
            "image_owner_alias": "amazon",
            "image_type": "machine",
            "kernel_id": null,
            "most_recent": true,
            "name": "amzn-ami-hvm-2018.03.0.20211222.0-x86_64-gp2",
            "name_regex": null,
            "owner_id": "137112412989",
            "owners": [
              "amazon"
            ],
            "platform": null,
            "platform_details": "Linux/UNIX",
            "product_codes": [],
            "public": true,
            "ramdisk_id": null,
            "root_device_name": "/dev/xvda",
            "root_device_type": "ebs",
            "root_snapshot_id": "snap-0c37da531090253d3",
            "sriov_net_support": "simple",
            "state": "available",
            "state_reason": {
              "code": "UNSET",
              "message": "UNSET"
            },
            "tags": {},
            "usage_operation": "RunInstances",
            "virtualization_type": "hvm"
          },
          "sensitive_attributes": []
        }
      ]
    },
    {
      "module": "module.ec2",
      "mode": "managed",
      "type": "aws_instance",
      "name": "web_server",
      "provider": "provider[\"registry.terraform.io/hashicorp/aws\"]",
      "instances": [
        {
          "schema_version": 1,
          "attributes": {
            "ami": "ami-0abfd868f654b92be",
            "arn": "arn:aws:ec2:us-east-1:949263681218:instance/i-0c0730c27a4afde0c",
            "associate_public_ip_address": true,
            "availability_zone": "us-east-1a",
            "capacity_reservation_specification": [
              {
                "capacity_reservation_preference": "open",
                "capacity_reservation_target": []
              }
            ],
            "cpu_core_count": 1,
            "cpu_threads_per_core": 1,
            "credit_specification": [
              {
                "cpu_credits": "standard"
              }
            ],
            "disable_api_termination": false,
            "ebs_block_device": [],
            "ebs_optimized": false,
            "enclave_options": [
              {
                "enabled": false
              }
            ],
            "ephemeral_block_device": [],
            "get_password_data": false,
            "hibernation": false,
            "host_id": null,
            "iam_instance_profile": "",
            "id": "i-0c0730c27a4afde0c",
            "instance_initiated_shutdown_behavior": "stop",
            "instance_state": "running",
            "instance_type": "t2.micro",
            "ipv6_address_count": 0,
            "ipv6_addresses": [],
            "key_name": "app-key",
            "launch_template": [],
            "metadata_options": [
              {
                "http_endpoint": "enabled",
                "http_put_response_hop_limit": 1,
                "http_tokens": "optional"
              }
            ],
            "monitoring": false,
            "network_interface": [],
            "outpost_arn": "",
            "password_data": "",
            "placement_group": "",
            "placement_partition_number": null,
            "primary_network_interface_id": "eni-0610327ac3e4f9b96",
            "private_dns": "ip-10-0-1-96.ec2.internal",
            "private_ip": "10.0.1.96",
            "public_dns": "",
            "public_ip": "54.162.28.142",
            "root_block_device": [
              {
                "delete_on_termination": true,
                "device_name": "/dev/xvda",
                "encrypted": false,
                "iops": 100,
                "kms_key_id": "",
                "tags": {},
                "throughput": 0,
                "volume_id": "vol-079196c2860420934",
                "volume_size": 8,
                "volume_type": "gp2"
              }
            ],
            "secondary_private_ips": [],
            "security_groups": [],
            "source_dest_check": true,
            "subnet_id": "subnet-079f2129aae192844",
            "tags": {
              "Name": "Web Server"
            },
            "tags_all": {
              "Name": "Web Server"
            },
            "tenancy": "default",
            "timeouts": null,
            "user_data": null,
            "user_data_base64": null,
            "volume_tags": null,
            "vpc_security_group_ids": [
              "sg-04ccd99debf7e3af0"
            ]
          },
          "sensitive_attributes": [],
          "private": "eyJlMmJmYjczMC1lY2FhLTExZTYtOGY4OC0zNDM2M2JjN2M0YzAiOnsiY3JlYXRlIjo2MDAwMDAwMDAwMDAsImRlbGV0ZSI6MTIwMDAwMDAwMDAwMCwidXBkYXRlIjo2MDAwMDAwMDAwMDB9LCJzY2hlbWFfdmVyc2lvbiI6IjEifQ==",
          "dependencies": [
            "module.ec2.data.aws_ami.latest_amazon_ami",
            "module.vpc.aws_subnet.pub_subnet_1",
            "module.vpc.aws_vpc.vpc"
          ]
        }
      ]
    },
    {
      "module": "module.ec2",
      "mode": "managed",
      "type": "aws_key_pair",
      "name": "app-instance-key",
      "provider": "provider[\"registry.terraform.io/hashicorp/aws\"]",
      "instances": [
        {
          "schema_version": 1,
          "attributes": {
            "arn": "arn:aws:ec2:us-east-1:949263681218:key-pair/app-key",
            "fingerprint": "f9:70:ec:20:ea:c7:dd:d6:8f:eb:19:7d:0b:92:56:8e",
            "id": "app-key",
            "key_name": "app-key",
            "key_name_prefix": "",
            "key_pair_id": "key-00b911ec376f24412",
            "public_key": "ssh-rsa AAAAB3NzaC1yc2EAAAADAQABAAABAQDFk5L8Sh6Cx9sR2gS8LCYbfw4RuVaornN1VO9IotWDslf/SCF2tqnRui7JDItVsVvOlY/O4Of9xmeQ7eyqV6b2EUH1fIh2rsksZ7XjqihCSbfsuMYGJtyT4xs3dmD1lJVDUNd3/T9TjolpRKJxGhppJ+OseNX6UZcykPa3VQgqLDX3vVHC9FT7dMB27tkIVLtz6d/S73fPQfszr/bDNix5YJP7wM+DUHWYmoJDziVqt908wDcZzwBA8iT7ujzZRUyElyVImhyGgJ8M2CJs2d6UFyk+mywwuykjyo8ng01/OyqxVt0xP3JJUkpw3fiJbGJt4ASP4ujAmBJQJ4W5aXeD",
            "tags": null,
            "tags_all": {}
          },
          "sensitive_attributes": [],
          "private": "eyJzY2hlbWFfdmVyc2lvbiI6IjEifQ==",
          "dependencies": [
            "module.ec2.tls_private_key.app-key"
          ]
        }
      ]
    },
    {
      "module": "module.ec2",
      "mode": "managed",
      "type": "local_file",
      "name": "app-key",
      "provider": "provider[\"registry.terraform.io/hashicorp/local\"]",
      "instances": [
        {
          "schema_version": 0,
          "attributes": {
            "content": "-----BEGIN RSA PRIVATE KEY-----\nMIIEowIBAAKCAQEAxZOS/EoegsfbEdoEvCwmG38OEblWqK5zdVTvSKLVg7JX/0gh\ndrap0bouyQyLVbFbzpWPzuDn/cZnkO3sqlem9hFB9XyIdq7JLGe146ooQkm37LjG\nBibck+MbN3Zg9ZSVQ1DXd/0/U46JaUSicRoaaSfjrHjV+lGXMpD2t1UIKiw1971R\nwvRU+3TAdu7ZCFS7c+nf0u93z0H7M6/2wzYseWCT+8DPg1B1mJqCQ84larfdPMA3\nGc8AQPIk+7o82UVMhJclSJochoCfDNgibNnelBcpPpssMLspI8qPJ4NNfzsqsVbd\nMT9ySVJKcN34iWxibeAEj+LowJgSUCeFuWl3gwIDAQABAoIBAC2QjRNV3Jd4k9MY\nHoNvAxLQSGRaA9w+7y2d+tkbhHYsyRJ8hgsksSFG+Mcw92k5z9xirZmeUKI8AWJx\nHGVkdYLGFBoTMD1+rbJp8I6ijUpMSfhz3GdKyw/oDjzKNi4sqAewOyDW7KXOd24p\nf/TpejHKGz2JWH+0FVR6DgvVtl5TEANLSCllKX5o3KPYt47BM1CSpWHQi5bVcKjz\nwvLk4U8Iis0xAh6Y5JrnjQO7Orrp58ELQme95iHCAqgJXMjQ7pbGUhRoqMnon3bs\nY+wMzQtHUxtOlq3/bJ8E9+EiIM7YZ/OtAQYt6I53uJd/hOANh2crURcleMh3KQn+\nfOIssyECgYEA14CDyGtMVLMoGvSfW4NCvJk12/lNruWTaySJ4nSfSi1MEqEU5rq+\nJkFKqbQkXhYX2Q7KjLqP6Yk2Tv0FhRKtPWkXf/ieZtXD66g4rR36q1GJkWcNUnLH\nAZHtPO5Awo129ox9lzEwSPm+nl8QZnWzzv14YgTGf7bt3S/hsj5k+6sCgYEA6rSw\nAniYVdwyCULwi9u2QitlbHwiwqgDVCj0fJmGlhPzRp4wei94IyucABKW3jptoa+v\n4/pb4qgDTpefDqoTRpEzrnr+OuoiAA/VgoMhTrK1usHg8sQvZJtJ+tJ6+x/z2oHJ\ntmoKggaAev8iscIbb1l1awNTsmn5lkvhB867W4kCgYBGwNYDnl7gTDX1q60Kca0e\nmLrbLx33Nz7QZZ2zsRB/XSHl1+cx3cwCaVtnHlL2ZRCNXlLYI4SOa1NeWapPR5OD\nXxatGGaBYtvBami5ReeACfQ9vfTcxfxaopuebqbqeWG+jt/JHQg6XWzdOF79FNXl\nNskofWLimZ+9CDR0vhGPowKBgBYQcG97CM8hiS6ntVdgi0zDKaC+NsJX6yAxTXKd\nODLJo1gjLOl/puqfgeXb2YUAtye5DW8ALT0skEsGI/TL9k3u/o3LkDTXp+SbmHXR\ngAMW99Cbw1rvKIlrs9O5j8gl49XJ172nUF+S3ucxLwDI/61DGq+5u1eNcOI5Nel2\n/NQJAoGBAMj+hC9I/FBCPh6WL1DPK+8gawjN/IbD/9Oz+6EkL2v6qtu8yaNCayvl\nORZCDtBioQY5rB3xTWBfd+DK8EUMGGyKQEoCoVp9N/SVcEotP9l+U5B+Svz1dpN1\nkgq3UFQybtZIC6uThziDSTl9fKkYIaglPkTvjmiSMziLI+WvkYso\n-----END RSA PRIVATE KEY-----\n",
            "content_base64": null,
            "directory_permission": "0777",
            "file_permission": "0777",
            "filename": "app-key.pem",
            "id": "ab6076256b8ab90ad2c9430c8ca9f058626e9f5a",
            "sensitive_content": null,
            "source": null
          },
          "sensitive_attributes": [
            [
              {
                "type": "get_attr",
                "value": "content"
              }
            ]
          ],
          "private": "bnVsbA==",
          "dependencies": [
            "module.ec2.tls_private_key.app-key"
          ]
        }
      ]
    },
    {
      "module": "module.ec2",
      "mode": "managed",
      "type": "tls_private_key",
      "name": "app-key",
      "provider": "provider[\"registry.terraform.io/hashicorp/tls\"]",
      "instances": [
        {
          "schema_version": 0,
          "attributes": {
            "algorithm": "RSA",
            "ecdsa_curve": "P224",
            "id": "a6288dd65c2f85a4966bb6592deaead4d84830a2",
            "private_key_pem": "-----BEGIN RSA PRIVATE KEY-----\nMIIEowIBAAKCAQEAxZOS/EoegsfbEdoEvCwmG38OEblWqK5zdVTvSKLVg7JX/0gh\ndrap0bouyQyLVbFbzpWPzuDn/cZnkO3sqlem9hFB9XyIdq7JLGe146ooQkm37LjG\nBibck+MbN3Zg9ZSVQ1DXd/0/U46JaUSicRoaaSfjrHjV+lGXMpD2t1UIKiw1971R\nwvRU+3TAdu7ZCFS7c+nf0u93z0H7M6/2wzYseWCT+8DPg1B1mJqCQ84larfdPMA3\nGc8AQPIk+7o82UVMhJclSJochoCfDNgibNnelBcpPpssMLspI8qPJ4NNfzsqsVbd\nMT9ySVJKcN34iWxibeAEj+LowJgSUCeFuWl3gwIDAQABAoIBAC2QjRNV3Jd4k9MY\nHoNvAxLQSGRaA9w+7y2d+tkbhHYsyRJ8hgsksSFG+Mcw92k5z9xirZmeUKI8AWJx\nHGVkdYLGFBoTMD1+rbJp8I6ijUpMSfhz3GdKyw/oDjzKNi4sqAewOyDW7KXOd24p\nf/TpejHKGz2JWH+0FVR6DgvVtl5TEANLSCllKX5o3KPYt47BM1CSpWHQi5bVcKjz\nwvLk4U8Iis0xAh6Y5JrnjQO7Orrp58ELQme95iHCAqgJXMjQ7pbGUhRoqMnon3bs\nY+wMzQtHUxtOlq3/bJ8E9+EiIM7YZ/OtAQYt6I53uJd/hOANh2crURcleMh3KQn+\nfOIssyECgYEA14CDyGtMVLMoGvSfW4NCvJk12/lNruWTaySJ4nSfSi1MEqEU5rq+\nJkFKqbQkXhYX2Q7KjLqP6Yk2Tv0FhRKtPWkXf/ieZtXD66g4rR36q1GJkWcNUnLH\nAZHtPO5Awo129ox9lzEwSPm+nl8QZnWzzv14YgTGf7bt3S/hsj5k+6sCgYEA6rSw\nAniYVdwyCULwi9u2QitlbHwiwqgDVCj0fJmGlhPzRp4wei94IyucABKW3jptoa+v\n4/pb4qgDTpefDqoTRpEzrnr+OuoiAA/VgoMhTrK1usHg8sQvZJtJ+tJ6+x/z2oHJ\ntmoKggaAev8iscIbb1l1awNTsmn5lkvhB867W4kCgYBGwNYDnl7gTDX1q60Kca0e\nmLrbLx33Nz7QZZ2zsRB/XSHl1+cx3cwCaVtnHlL2ZRCNXlLYI4SOa1NeWapPR5OD\nXxatGGaBYtvBami5ReeACfQ9vfTcxfxaopuebqbqeWG+jt/JHQg6XWzdOF79FNXl\nNskofWLimZ+9CDR0vhGPowKBgBYQcG97CM8hiS6ntVdgi0zDKaC+NsJX6yAxTXKd\nODLJo1gjLOl/puqfgeXb2YUAtye5DW8ALT0skEsGI/TL9k3u/o3LkDTXp+SbmHXR\ngAMW99Cbw1rvKIlrs9O5j8gl49XJ172nUF+S3ucxLwDI/61DGq+5u1eNcOI5Nel2\n/NQJAoGBAMj+hC9I/FBCPh6WL1DPK+8gawjN/IbD/9Oz+6EkL2v6qtu8yaNCayvl\nORZCDtBioQY5rB3xTWBfd+DK8EUMGGyKQEoCoVp9N/SVcEotP9l+U5B+Svz1dpN1\nkgq3UFQybtZIC6uThziDSTl9fKkYIaglPkTvjmiSMziLI+WvkYso\n-----END RSA PRIVATE KEY-----\n",
            "public_key_fingerprint_md5": "56:3f:d0:58:d6:ff:ea:15:7b:91:57:16:f9:6e:93:d1",
            "public_key_openssh": "ssh-rsa AAAAB3NzaC1yc2EAAAADAQABAAABAQDFk5L8Sh6Cx9sR2gS8LCYbfw4RuVaornN1VO9IotWDslf/SCF2tqnRui7JDItVsVvOlY/O4Of9xmeQ7eyqV6b2EUH1fIh2rsksZ7XjqihCSbfsuMYGJtyT4xs3dmD1lJVDUNd3/T9TjolpRKJxGhppJ+OseNX6UZcykPa3VQgqLDX3vVHC9FT7dMB27tkIVLtz6d/S73fPQfszr/bDNix5YJP7wM+DUHWYmoJDziVqt908wDcZzwBA8iT7ujzZRUyElyVImhyGgJ8M2CJs2d6UFyk+mywwuykjyo8ng01/OyqxVt0xP3JJUkpw3fiJbGJt4ASP4ujAmBJQJ4W5aXeD\n",
            "public_key_pem": "-----BEGIN PUBLIC KEY-----\nMIIBIjANBgkqhkiG9w0BAQEFAAOCAQ8AMIIBCgKCAQEAxZOS/EoegsfbEdoEvCwm\nG38OEblWqK5zdVTvSKLVg7JX/0ghdrap0bouyQyLVbFbzpWPzuDn/cZnkO3sqlem\n9hFB9XyIdq7JLGe146ooQkm37LjGBibck+MbN3Zg9ZSVQ1DXd/0/U46JaUSicRoa\naSfjrHjV+lGXMpD2t1UIKiw1971RwvRU+3TAdu7ZCFS7c+nf0u93z0H7M6/2wzYs\neWCT+8DPg1B1mJqCQ84larfdPMA3Gc8AQPIk+7o82UVMhJclSJochoCfDNgibNne\nlBcpPpssMLspI8qPJ4NNfzsqsVbdMT9ySVJKcN34iWxibeAEj+LowJgSUCeFuWl3\ngwIDAQAB\n-----END PUBLIC KEY-----\n",
            "rsa_bits": 2048
          },
          "sensitive_attributes": [],
          "private": "bnVsbA=="
        }
      ]
    },
    {
      "module": "module.securitygrp",
      "mode": "managed",
      "type": "aws_security_group",
      "name": "app_server_sg",
      "provider": "provider[\"registry.terraform.io/hashicorp/aws\"]",
      "instances": [
        {
          "schema_version": 1,
          "attributes": {
            "arn": "arn:aws:ec2:us-east-1:949263681218:security-group/sg-070edb4937ee8ac76",
            "description": "Application Server Security Group",
            "egress": [
              {
                "cidr_blocks": [
                  "0.0.0.0/0"
                ],
                "description": "",
                "from_port": 0,
                "ipv6_cidr_blocks": [],
                "prefix_list_ids": [],
                "protocol": "-1",
                "security_groups": [],
                "self": false,
                "to_port": 0
              }
            ],
            "id": "sg-070edb4937ee8ac76",
            "ingress": [
              {
                "cidr_blocks": [
                  "10.0.0.0/16"
                ],
                "description": "",
                "from_port": 0,
                "ipv6_cidr_blocks": [],
                "prefix_list_ids": [],
                "protocol": "-1",
                "security_groups": [],
                "self": false,
                "to_port": 0
              }
            ],
            "name": "app_server_sg",
            "name_prefix": "",
            "owner_id": "949263681218",
            "revoke_rules_on_delete": false,
            "tags": {
              "Name": "app_server_sg"
            },
            "tags_all": {
              "Name": "app_server_sg"
            },
            "timeouts": null,
            "vpc_id": "vpc-07347005071e1fffe"
          },
          "sensitive_attributes": [],
          "private": "eyJlMmJmYjczMC1lY2FhLTExZTYtOGY4OC0zNDM2M2JjN2M0YzAiOnsiY3JlYXRlIjo2MDAwMDAwMDAwMDAsImRlbGV0ZSI6OTAwMDAwMDAwMDAwfSwic2NoZW1hX3ZlcnNpb24iOiIxIn0=",
          "dependencies": [
            "module.vpc.aws_vpc.vpc"
          ]
        }
      ]
    },
    {
      "module": "module.securitygrp",
      "mode": "managed",
      "type": "aws_security_group",
      "name": "lb_sg",
      "provider": "provider[\"registry.terraform.io/hashicorp/aws\"]",
      "instances": [
        {
          "schema_version": 1,
          "attributes": {
            "arn": "arn:aws:ec2:us-east-1:949263681218:security-group/sg-0da63413906b8f036",
            "description": "ALB Security Group",
            "egress": [
              {
                "cidr_blocks": [
                  "0.0.0.0/0"
                ],
                "description": "",
                "from_port": 0,
                "ipv6_cidr_blocks": [],
                "prefix_list_ids": [],
                "protocol": "-1",
                "security_groups": [],
                "self": false,
                "to_port": 0
              }
            ],
            "id": "sg-0da63413906b8f036",
            "ingress": [
              {
                "cidr_blocks": [
                  "0.0.0.0/0"
                ],
                "description": "",
                "from_port": 443,
                "ipv6_cidr_blocks": [],
                "prefix_list_ids": [],
                "protocol": "tcp",
                "security_groups": [],
                "self": false,
                "to_port": 443
              },
              {
                "cidr_blocks": [
                  "0.0.0.0/0"
                ],
                "description": "",
                "from_port": 80,
                "ipv6_cidr_blocks": [],
                "prefix_list_ids": [],
                "protocol": "tcp",
                "security_groups": [],
                "self": false,
                "to_port": 80
              }
            ],
            "name": "lb_sg",
            "name_prefix": "",
            "owner_id": "949263681218",
            "revoke_rules_on_delete": false,
            "tags": {
              "Name": "lb_sg"
            },
            "tags_all": {
              "Name": "lb_sg"
            },
            "timeouts": null,
            "vpc_id": "vpc-07347005071e1fffe"
          },
          "sensitive_attributes": [],
          "private": "eyJlMmJmYjczMC1lY2FhLTExZTYtOGY4OC0zNDM2M2JjN2M0YzAiOnsiY3JlYXRlIjo2MDAwMDAwMDAwMDAsImRlbGV0ZSI6OTAwMDAwMDAwMDAwfSwic2NoZW1hX3ZlcnNpb24iOiIxIn0=",
          "dependencies": [
            "module.vpc.aws_vpc.vpc"
          ]
        }
      ]
    },
    {
      "module": "module.securitygrp",
      "mode": "managed",
      "type": "aws_security_group",
      "name": "rds_sg",
      "provider": "provider[\"registry.terraform.io/hashicorp/aws\"]",
      "instances": [
        {
          "schema_version": 1,
          "attributes": {
            "arn": "arn:aws:ec2:us-east-1:949263681218:security-group/sg-071158ce8b34a56bd",
            "description": "MySQL DB Security Group",
            "egress": [
              {
                "cidr_blocks": [
                  "0.0.0.0/0"
                ],
                "description": "",
                "from_port": 0,
                "ipv6_cidr_blocks": [],
                "prefix_list_ids": [],
                "protocol": "-1",
                "security_groups": [],
                "self": false,
                "to_port": 0
              }
            ],
            "id": "sg-071158ce8b34a56bd",
            "ingress": [
              {
                "cidr_blocks": [
                  "10.0.0.0/16"
                ],
                "description": "",
                "from_port": 3306,
                "ipv6_cidr_blocks": [],
                "prefix_list_ids": [],
                "protocol": "tcp",
                "security_groups": [],
                "self": false,
                "to_port": 3306
              }
            ],
            "name": "rds_sg",
            "name_prefix": "",
            "owner_id": "949263681218",
            "revoke_rules_on_delete": false,
            "tags": {
              "Name": "rds_sg"
            },
            "tags_all": {
              "Name": "rds_sg"
            },
            "timeouts": null,
            "vpc_id": "vpc-07347005071e1fffe"
          },
          "sensitive_attributes": [],
          "private": "eyJlMmJmYjczMC1lY2FhLTExZTYtOGY4OC0zNDM2M2JjN2M0YzAiOnsiY3JlYXRlIjo2MDAwMDAwMDAwMDAsImRlbGV0ZSI6OTAwMDAwMDAwMDAwfSwic2NoZW1hX3ZlcnNpb24iOiIxIn0=",
          "dependencies": [
            "module.vpc.aws_vpc.vpc"
          ]
        }
      ]
    },
    {
      "module": "module.securitygrp",
      "mode": "managed",
      "type": "aws_security_group",
      "name": "web_server_sg",
      "provider": "provider[\"registry.terraform.io/hashicorp/aws\"]",
      "instances": [
        {
          "schema_version": 1,
          "attributes": {
            "arn": "arn:aws:ec2:us-east-1:949263681218:security-group/sg-0a9cff54ce86fb587",
            "description": "Web Server Security Group",
            "egress": [
              {
                "cidr_blocks": [
                  "0.0.0.0/0"
                ],
                "description": "",
                "from_port": 0,
                "ipv6_cidr_blocks": [],
                "prefix_list_ids": [],
                "protocol": "-1",
                "security_groups": [],
                "self": false,
                "to_port": 0
              }
            ],
            "id": "sg-0a9cff54ce86fb587",
            "ingress": [
              {
                "cidr_blocks": [
                  "0.0.0.0/0"
                ],
                "description": "",
                "from_port": 22,
                "ipv6_cidr_blocks": [],
                "prefix_list_ids": [],
                "protocol": "tcp",
                "security_groups": [],
                "self": false,
                "to_port": 22
              },
              {
                "cidr_blocks": [],
                "description": "",
                "from_port": 80,
                "ipv6_cidr_blocks": [],
                "prefix_list_ids": [],
                "protocol": "tcp",
                "security_groups": [
                  "sg-0da63413906b8f036"
                ],
                "self": false,
                "to_port": 80
              }
            ],
            "name": "web_server_sg",
            "name_prefix": "",
            "owner_id": "949263681218",
            "revoke_rules_on_delete": false,
            "tags": {
              "Name": "web_server_sg"
            },
            "tags_all": {
              "Name": "web_server_sg"
            },
            "timeouts": null,
            "vpc_id": "vpc-07347005071e1fffe"
          },
          "sensitive_attributes": [],
          "private": "eyJlMmJmYjczMC1lY2FhLTExZTYtOGY4OC0zNDM2M2JjN2M0YzAiOnsiY3JlYXRlIjo2MDAwMDAwMDAwMDAsImRlbGV0ZSI6OTAwMDAwMDAwMDAwfSwic2NoZW1hX3ZlcnNpb24iOiIxIn0=",
          "dependencies": [
            "module.securitygrp.aws_security_group.lb_sg",
            "module.vpc.aws_vpc.vpc"
          ]
        }
      ]
    },
    {
      "module": "module.vpc",
      "mode": "managed",
      "type": "aws_default_route_table",
      "name": "pvt_rtb",
      "provider": "provider[\"registry.terraform.io/hashicorp/aws\"]",
      "instances": [
        {
          "schema_version": 0,
          "attributes": {
            "arn": "arn:aws:ec2:us-east-1:949263681218:route-table/rtb-0998258b57457dae8",
            "default_route_table_id": "rtb-0998258b57457dae8",
            "id": "rtb-0998258b57457dae8",
            "owner_id": "949263681218",
            "propagating_vgws": null,
            "route": [
              {
                "cidr_block": "0.0.0.0/0",
                "destination_prefix_list_id": "",
                "egress_only_gateway_id": "",
                "gateway_id": "",
                "instance_id": "",
                "ipv6_cidr_block": "",
                "nat_gateway_id": "nat-04990730f650b8866",
                "network_interface_id": "",
                "transit_gateway_id": "",
                "vpc_endpoint_id": "",
                "vpc_peering_connection_id": ""
              }
            ],
            "tags": {
              "Name": "pvt_rtb"
            },
            "tags_all": {
              "Name": "pvt_rtb"
            },
            "timeouts": null,
            "vpc_id": "vpc-07347005071e1fffe"
          },
          "sensitive_attributes": [],
          "private": "eyJlMmJmYjczMC1lY2FhLTExZTYtOGY4OC0zNDM2M2JjN2M0YzAiOnsiY3JlYXRlIjoxMjAwMDAwMDAwMDAsInVwZGF0ZSI6MTIwMDAwMDAwMDAwfX0=",
          "dependencies": [
            "module.vpc.aws_eip.nat_ip",
            "module.vpc.aws_nat_gateway.nat_gateway",
            "module.vpc.aws_subnet.pub_subnet_1",
            "module.vpc.aws_vpc.vpc"
          ]
        }
      ]
    },
    {
      "module": "module.vpc",
      "mode": "managed",
      "type": "aws_eip",
      "name": "nat_ip",
      "provider": "provider[\"registry.terraform.io/hashicorp/aws\"]",
      "instances": [
        {
          "schema_version": 0,
          "attributes": {
            "address": null,
            "allocation_id": "eipalloc-06bbe94fa8401ea3d",
            "associate_with_private_ip": null,
            "association_id": "",
            "carrier_ip": "",
            "customer_owned_ip": "",
            "customer_owned_ipv4_pool": "",
            "domain": "vpc",
            "id": "eipalloc-06bbe94fa8401ea3d",
            "instance": "",
            "network_border_group": "us-east-1",
            "network_interface": "",
            "private_dns": null,
            "private_ip": "",
            "public_dns": "ec2-54-145-33-28.compute-1.amazonaws.com",
            "public_ip": "54.145.33.28",
            "public_ipv4_pool": "amazon",
            "tags": null,
            "tags_all": {},
            "timeouts": null,
            "vpc": true
          },
          "sensitive_attributes": [],
          "private": "eyJlMmJmYjczMC1lY2FhLTExZTYtOGY4OC0zNDM2M2JjN2M0YzAiOnsiZGVsZXRlIjoxODAwMDAwMDAwMDAsInJlYWQiOjkwMDAwMDAwMDAwMCwidXBkYXRlIjozMDAwMDAwMDAwMDB9fQ=="
        }
      ]
    },
    {
      "module": "module.vpc",
      "mode": "managed",
      "type": "aws_internet_gateway",
      "name": "igw",
      "provider": "provider[\"registry.terraform.io/hashicorp/aws\"]",
      "instances": [
        {
          "schema_version": 0,
          "attributes": {
            "arn": "arn:aws:ec2:us-east-1:949263681218:internet-gateway/igw-0679496b30eaee793",
            "id": "igw-0679496b30eaee793",
            "owner_id": "949263681218",
            "tags": {
              "Name": "rab"
            },
            "tags_all": {
              "Name": "rab"
            },
            "vpc_id": "vpc-07347005071e1fffe"
          },
          "sensitive_attributes": [],
          "private": "bnVsbA==",
          "dependencies": [
            "module.vpc.aws_vpc.vpc"
          ]
        }
      ]
    },
    {
      "module": "module.vpc",
      "mode": "managed",
      "type": "aws_nat_gateway",
      "name": "nat_gateway",
      "provider": "provider[\"registry.terraform.io/hashicorp/aws\"]",
      "instances": [
        {
          "schema_version": 0,
          "attributes": {
            "allocation_id": "eipalloc-06bbe94fa8401ea3d",
            "connectivity_type": "public",
            "id": "nat-04990730f650b8866",
            "network_interface_id": "eni-0039eedffd7e32944",
            "private_ip": "10.0.1.45",
            "public_ip": "54.145.33.28",
            "subnet_id": "subnet-079f2129aae192844",
            "tags": {
              "Name": "test_vpc_nat"
            },
            "tags_all": {
              "Name": "test_vpc_nat"
            }
          },
          "sensitive_attributes": [],
          "private": "bnVsbA==",
          "dependencies": [
            "module.vpc.aws_eip.nat_ip",
            "module.vpc.aws_subnet.pub_subnet_1",
            "module.vpc.aws_vpc.vpc"
          ]
        }
      ]
    },
    {
      "module": "module.vpc",
      "mode": "managed",
      "type": "aws_route_table",
      "name": "pub_rtb",
      "provider": "provider[\"registry.terraform.io/hashicorp/aws\"]",
      "instances": [
        {
          "schema_version": 0,
          "attributes": {
            "arn": "arn:aws:ec2:us-east-1:949263681218:route-table/rtb-0e4fd1172920b254a",
            "id": "rtb-0e4fd1172920b254a",
            "owner_id": "949263681218",
            "propagating_vgws": [],
            "route": [
              {
                "carrier_gateway_id": "",
                "cidr_block": "0.0.0.0/0",
                "destination_prefix_list_id": "",
                "egress_only_gateway_id": "",
                "gateway_id": "igw-0679496b30eaee793",
                "instance_id": "",
                "ipv6_cidr_block": "",
                "local_gateway_id": "",
                "nat_gateway_id": "",
                "network_interface_id": "",
                "transit_gateway_id": "",
                "vpc_endpoint_id": "",
                "vpc_peering_connection_id": ""
              }
            ],
            "tags": {
              "Name": "pub_rtb"
            },
            "tags_all": {
              "Name": "pub_rtb"
            },
            "timeouts": null,
            "vpc_id": "vpc-07347005071e1fffe"
          },
          "sensitive_attributes": [],
          "private": "eyJlMmJmYjczMC1lY2FhLTExZTYtOGY4OC0zNDM2M2JjN2M0YzAiOnsiY3JlYXRlIjozMDAwMDAwMDAwMDAsImRlbGV0ZSI6MzAwMDAwMDAwMDAwLCJ1cGRhdGUiOjEyMDAwMDAwMDAwMH19",
          "dependencies": [
            "module.vpc.aws_internet_gateway.igw",
            "module.vpc.aws_vpc.vpc"
          ]
        }
      ]
    },
    {
      "module": "module.vpc",
      "mode": "managed",
      "type": "aws_route_table_association",
      "name": "pub_rtb_assoc_1",
      "provider": "provider[\"registry.terraform.io/hashicorp/aws\"]",
      "instances": [
        {
          "schema_version": 0,
          "attributes": {
            "gateway_id": "",
            "id": "rtbassoc-07f579bd65feca8f8",
            "route_table_id": "rtb-0e4fd1172920b254a",
            "subnet_id": "subnet-079f2129aae192844"
          },
          "sensitive_attributes": [],
          "private": "bnVsbA==",
          "dependencies": [
            "module.vpc.aws_internet_gateway.igw",
            "module.vpc.aws_route_table.pub_rtb",
            "module.vpc.aws_subnet.pub_subnet_1",
            "module.vpc.aws_vpc.vpc"
          ]
        }
      ]
    },
    {
      "module": "module.vpc",
      "mode": "managed",
      "type": "aws_route_table_association",
      "name": "pub_rtb_assoc_2",
      "provider": "provider[\"registry.terraform.io/hashicorp/aws\"]",
      "instances": [
        {
          "schema_version": 0,
          "attributes": {
            "gateway_id": "",
            "id": "rtbassoc-0b809486e18f2f840",
            "route_table_id": "rtb-0e4fd1172920b254a",
            "subnet_id": "subnet-0d269224dd2b417a0"
          },
          "sensitive_attributes": [],
          "private": "bnVsbA==",
          "dependencies": [
            "module.vpc.aws_internet_gateway.igw",
            "module.vpc.aws_route_table.pub_rtb",
            "module.vpc.aws_subnet.pub_subnet_2",
            "module.vpc.aws_vpc.vpc"
          ]
        }
      ]
    },
    {
      "module": "module.vpc",
      "mode": "managed",
      "type": "aws_subnet",
      "name": "pub_subnet_1",
      "provider": "provider[\"registry.terraform.io/hashicorp/aws\"]",
      "instances": [
        {
          "schema_version": 1,
          "attributes": {
            "arn": "arn:aws:ec2:us-east-1:949263681218:subnet/subnet-079f2129aae192844",
            "assign_ipv6_address_on_creation": false,
            "availability_zone": "us-east-1a",
            "availability_zone_id": "use1-az6",
            "cidr_block": "10.0.1.0/24",
            "customer_owned_ipv4_pool": "",
            "id": "subnet-079f2129aae192844",
            "ipv6_cidr_block": "",
            "ipv6_cidr_block_association_id": "",
            "map_customer_owned_ip_on_launch": false,
            "map_public_ip_on_launch": true,
            "outpost_arn": "",
            "owner_id": "949263681218",
            "tags": {
              "Name": "pub_subnet_1"
            },
            "tags_all": {
              "Name": "pub_subnet_1"
            },
            "timeouts": null,
            "vpc_id": "vpc-07347005071e1fffe"
          },
          "sensitive_attributes": [],
          "private": "eyJlMmJmYjczMC1lY2FhLTExZTYtOGY4OC0zNDM2M2JjN2M0YzAiOnsiY3JlYXRlIjo2MDAwMDAwMDAwMDAsImRlbGV0ZSI6MTIwMDAwMDAwMDAwMH0sInNjaGVtYV92ZXJzaW9uIjoiMSJ9",
          "dependencies": [
            "module.vpc.aws_vpc.vpc"
          ]
        }
      ]
    },
    {
      "module": "module.vpc",
      "mode": "managed",
      "type": "aws_subnet",
      "name": "pub_subnet_2",
      "provider": "provider[\"registry.terraform.io/hashicorp/aws\"]",
      "instances": [
        {
          "schema_version": 1,
          "attributes": {
            "arn": "arn:aws:ec2:us-east-1:949263681218:subnet/subnet-0d269224dd2b417a0",
            "assign_ipv6_address_on_creation": false,
            "availability_zone": "us-east-1b",
            "availability_zone_id": "use1-az1",
            "cidr_block": "10.0.2.0/24",
            "customer_owned_ipv4_pool": "",
            "id": "subnet-0d269224dd2b417a0",
            "ipv6_cidr_block": "",
            "ipv6_cidr_block_association_id": "",
            "map_customer_owned_ip_on_launch": false,
            "map_public_ip_on_launch": true,
            "outpost_arn": "",
            "owner_id": "949263681218",
            "tags": {
              "Name": "pub_subnet_2"
            },
            "tags_all": {
              "Name": "pub_subnet_2"
            },
            "timeouts": null,
            "vpc_id": "vpc-07347005071e1fffe"
          },
          "sensitive_attributes": [],
          "private": "eyJlMmJmYjczMC1lY2FhLTExZTYtOGY4OC0zNDM2M2JjN2M0YzAiOnsiY3JlYXRlIjo2MDAwMDAwMDAwMDAsImRlbGV0ZSI6MTIwMDAwMDAwMDAwMH0sInNjaGVtYV92ZXJzaW9uIjoiMSJ9",
          "dependencies": [
            "module.vpc.aws_vpc.vpc"
          ]
        }
      ]
    },
    {
      "module": "module.vpc",
      "mode": "managed",
      "type": "aws_subnet",
      "name": "pvt_subnet_1",
      "provider": "provider[\"registry.terraform.io/hashicorp/aws\"]",
      "instances": [
        {
          "schema_version": 1,
          "attributes": {
            "arn": "arn:aws:ec2:us-east-1:949263681218:subnet/subnet-04eded93d6b3b7a8b",
            "assign_ipv6_address_on_creation": false,
            "availability_zone": "us-east-1b",
            "availability_zone_id": "use1-az1",
            "cidr_block": "10.0.3.0/24",
            "customer_owned_ipv4_pool": "",
            "id": "subnet-04eded93d6b3b7a8b",
            "ipv6_cidr_block": "",
            "ipv6_cidr_block_association_id": "",
            "map_customer_owned_ip_on_launch": false,
            "map_public_ip_on_launch": false,
            "outpost_arn": "",
            "owner_id": "949263681218",
            "tags": {
              "Name": "pvt_subnet_1"
            },
            "tags_all": {
              "Name": "pvt_subnet_1"
            },
            "timeouts": null,
            "vpc_id": "vpc-07347005071e1fffe"
          },
          "sensitive_attributes": [],
          "private": "eyJlMmJmYjczMC1lY2FhLTExZTYtOGY4OC0zNDM2M2JjN2M0YzAiOnsiY3JlYXRlIjo2MDAwMDAwMDAwMDAsImRlbGV0ZSI6MTIwMDAwMDAwMDAwMH0sInNjaGVtYV92ZXJzaW9uIjoiMSJ9",
          "dependencies": [
            "module.vpc.aws_vpc.vpc"
          ]
        }
      ]
    },
    {
      "module": "module.vpc",
      "mode": "managed",
      "type": "aws_subnet",
      "name": "pvt_subnet_2",
      "provider": "provider[\"registry.terraform.io/hashicorp/aws\"]",
      "instances": [
        {
          "schema_version": 1,
          "attributes": {
            "arn": "arn:aws:ec2:us-east-1:949263681218:subnet/subnet-01b626c0186544568",
            "assign_ipv6_address_on_creation": false,
            "availability_zone": "us-east-1a",
            "availability_zone_id": "use1-az6",
            "cidr_block": "10.0.4.0/24",
            "customer_owned_ipv4_pool": "",
            "id": "subnet-01b626c0186544568",
            "ipv6_cidr_block": "",
            "ipv6_cidr_block_association_id": "",
            "map_customer_owned_ip_on_launch": false,
            "map_public_ip_on_launch": false,
            "outpost_arn": "",
            "owner_id": "949263681218",
            "tags": {
              "Name": "pvt_subnet_2"
            },
            "tags_all": {
              "Name": "pvt_subnet_2"
            },
            "timeouts": null,
            "vpc_id": "vpc-07347005071e1fffe"
          },
          "sensitive_attributes": [],
          "private": "eyJlMmJmYjczMC1lY2FhLTExZTYtOGY4OC0zNDM2M2JjN2M0YzAiOnsiY3JlYXRlIjo2MDAwMDAwMDAwMDAsImRlbGV0ZSI6MTIwMDAwMDAwMDAwMH0sInNjaGVtYV92ZXJzaW9uIjoiMSJ9",
          "dependencies": [
            "module.vpc.aws_vpc.vpc"
          ]
        }
      ]
    },
    {
      "module": "module.vpc",
      "mode": "managed",
      "type": "aws_vpc",
      "name": "vpc",
      "provider": "provider[\"registry.terraform.io/hashicorp/aws\"]",
      "instances": [
        {
          "schema_version": 1,
          "attributes": {
            "arn": "arn:aws:ec2:us-east-1:949263681218:vpc/vpc-07347005071e1fffe",
            "assign_generated_ipv6_cidr_block": false,
            "cidr_block": "10.0.0.0/16",
            "default_network_acl_id": "acl-0745195dafbd3ac46",
            "default_route_table_id": "rtb-0998258b57457dae8",
            "default_security_group_id": "sg-04ccd99debf7e3af0",
            "dhcp_options_id": "dopt-01162027fba3030e5",
            "enable_classiclink": false,
            "enable_classiclink_dns_support": false,
            "enable_dns_hostnames": false,
            "enable_dns_support": true,
            "id": "vpc-07347005071e1fffe",
            "instance_tenancy": "default",
            "ipv4_ipam_pool_id": null,
            "ipv4_netmask_length": null,
            "ipv6_association_id": "",
            "ipv6_cidr_block": "",
            "ipv6_ipam_pool_id": null,
            "ipv6_netmask_length": null,
            "main_route_table_id": "rtb-0998258b57457dae8",
            "owner_id": "949263681218",
            "tags": {
              "Name": "rab"
            },
            "tags_all": {
              "Name": "rab"
            }
          },
          "sensitive_attributes": [],
          "private": "eyJzY2hlbWFfdmVyc2lvbiI6IjEifQ=="
        }
      ]
    }
  ]
}
