{
  "version": 4,
  "terraform_version": "1.1.2",
  "serial": 226,
  "lineage": "02f9b8e9-a0f6-395b-1d27-47c926b49dd3",
  "outputs": {},
  "resources": [
    {
      "module": "module.ec2",
      "mode": "data",
      "type": "aws_ami",
      "name": "latest_amazon_ami",
      "provider": "provider[\"registry.terraform.io/hashicorp/aws\"]",
      "instances": [
        {
          "schema_version": 0,
          "attributes": {
            "architecture": "x86_64",
            "arn": "arn:aws:ec2:us-east-1::image/ami-0abfd868f654b92be",
            "block_device_mappings": [
              {
                "device_name": "/dev/xvda",
                "ebs": {
                  "delete_on_termination": "true",
                  "encrypted": "false",
                  "iops": "0",
                  "snapshot_id": "snap-0c37da531090253d3",
                  "throughput": "0",
                  "volume_size": "8",
                  "volume_type": "gp2"
                },
                "no_device": "",
                "virtual_name": ""
              }
            ],
            "creation_date": "2021-12-23T01:23:52.000Z",
            "description": "Amazon Linux AMI 2018.03.0.20211222.0 x86_64 HVM gp2",
            "ena_support": true,
            "executable_users": null,
            "filter": [
              {
                "name": "name",
                "values": [
                  "amzn-ami-hvm-*-*-gp2"
                ]
              },
              {
                "name": "root-device-type",
                "values": [
                  "ebs"
                ]
              },
              {
                "name": "virtualization-type",
                "values": [
                  "hvm"
                ]
              }
            ],
            "hypervisor": "xen",
            "id": "ami-0abfd868f654b92be",
            "image_id": "ami-0abfd868f654b92be",
            "image_location": "amazon/amzn-ami-hvm-2018.03.0.20211222.0-x86_64-gp2",
            "image_owner_alias": "amazon",
            "image_type": "machine",
            "kernel_id": null,
            "most_recent": true,
            "name": "amzn-ami-hvm-2018.03.0.20211222.0-x86_64-gp2",
            "name_regex": null,
            "owner_id": "137112412989",
            "owners": [
              "amazon"
            ],
            "platform": null,
            "platform_details": "Linux/UNIX",
            "product_codes": [],
            "public": true,
            "ramdisk_id": null,
            "root_device_name": "/dev/xvda",
            "root_device_type": "ebs",
            "root_snapshot_id": "snap-0c37da531090253d3",
            "sriov_net_support": "simple",
            "state": "available",
            "state_reason": {
              "code": "UNSET",
              "message": "UNSET"
            },
            "tags": {},
            "usage_operation": "RunInstances",
            "virtualization_type": "hvm"
          },
          "sensitive_attributes": []
        }
      ]
    },
    {
      "module": "module.ec2",
      "mode": "managed",
      "type": "aws_instance",
      "name": "web_server",
      "provider": "provider[\"registry.terraform.io/hashicorp/aws\"]",
      "instances": [
        {
          "schema_version": 1,
          "attributes": {
            "ami": "ami-0abfd868f654b92be",
            "arn": "arn:aws:ec2:us-east-1:949263681218:instance/i-05c45aaa0d381c7a0",
            "associate_public_ip_address": true,
            "availability_zone": "us-east-1a",
            "capacity_reservation_specification": [
              {
                "capacity_reservation_preference": "open",
                "capacity_reservation_target": []
              }
            ],
            "cpu_core_count": 1,
            "cpu_threads_per_core": 1,
            "credit_specification": [
              {
                "cpu_credits": "standard"
              }
            ],
            "disable_api_termination": false,
            "ebs_block_device": [],
            "ebs_optimized": false,
            "enclave_options": [
              {
                "enabled": false
              }
            ],
            "ephemeral_block_device": [],
            "get_password_data": false,
            "hibernation": false,
            "host_id": null,
            "iam_instance_profile": "",
            "id": "i-05c45aaa0d381c7a0",
            "instance_initiated_shutdown_behavior": "stop",
            "instance_state": "running",
            "instance_type": "t2.micro",
            "ipv6_address_count": 0,
            "ipv6_addresses": [],
            "key_name": "app-key",
            "launch_template": [],
            "metadata_options": [
              {
                "http_endpoint": "enabled",
                "http_put_response_hop_limit": 1,
                "http_tokens": "optional"
              }
            ],
            "monitoring": false,
            "network_interface": [],
            "outpost_arn": "",
            "password_data": "",
            "placement_group": "",
            "placement_partition_number": null,
            "primary_network_interface_id": "eni-0136fa66a07ae9a8f",
            "private_dns": "ip-10-0-1-182.ec2.internal",
            "private_ip": "10.0.1.182",
            "public_dns": "",
            "public_ip": "3.94.133.252",
            "root_block_device": [
              {
                "delete_on_termination": true,
                "device_name": "/dev/xvda",
                "encrypted": false,
                "iops": 100,
                "kms_key_id": "",
                "tags": {},
                "throughput": 0,
                "volume_id": "vol-0050ef919fcdfc68a",
                "volume_size": 8,
                "volume_type": "gp2"
              }
            ],
            "secondary_private_ips": [],
            "security_groups": [],
            "source_dest_check": true,
            "subnet_id": "subnet-0e1f03b9197af2387",
            "tags": {
              "Name": "Web Server"
            },
            "tags_all": {
              "Name": "Web Server"
            },
            "tenancy": "default",
            "timeouts": null,
            "user_data": null,
            "user_data_base64": null,
            "volume_tags": null,
            "vpc_security_group_ids": [
              "sg-037fe297def387e09"
            ]
          },
          "sensitive_attributes": [],
          "private": "eyJlMmJmYjczMC1lY2FhLTExZTYtOGY4OC0zNDM2M2JjN2M0YzAiOnsiY3JlYXRlIjo2MDAwMDAwMDAwMDAsImRlbGV0ZSI6MTIwMDAwMDAwMDAwMCwidXBkYXRlIjo2MDAwMDAwMDAwMDB9LCJzY2hlbWFfdmVyc2lvbiI6IjEifQ==",
          "dependencies": [
            "module.ec2.data.aws_ami.latest_amazon_ami",
            "module.securitygrp.aws_security_group.lb_sg",
            "module.securitygrp.aws_security_group.web_server_sg",
            "module.vpc.aws_subnet.pub_subnet_1",
            "module.vpc.aws_vpc.vpc"
          ]
        }
      ]
    },
    {
      "module": "module.ec2",
      "mode": "managed",
      "type": "aws_key_pair",
      "name": "app-instance-key",
      "provider": "provider[\"registry.terraform.io/hashicorp/aws\"]",
      "instances": [
        {
          "schema_version": 1,
          "attributes": {
            "arn": "arn:aws:ec2:us-east-1:949263681218:key-pair/app-key",
            "fingerprint": "11:aa:ff:8c:2c:92:58:4d:5c:01:d4:20:dc:de:d9:aa",
            "id": "app-key",
            "key_name": "app-key",
            "key_name_prefix": "",
            "key_pair_id": "key-08b58bfd78963a57a",
            "public_key": "ssh-rsa AAAAB3NzaC1yc2EAAAADAQABAAABAQCn8JjUI3VX/xy/aMm3FW4eo1Fpe+/Ak50Nz7sYx03K6ADkvX8hp2NxNwdIsWldwDu6UVJE1hep/mRFUdmtTN6d/VLbPI5Cok17xjgcEkIdjwz5InsqGtOrfHPDcknHJiEnoM4QVm8jXYbOhvqO+yiHMMB5yRwugYe3WWNL146pxTRQMl6qVvEGPNwYk1ArgbqSpqmwO6X50YB5+XWev2/qmqkrvwDd3CWYpiK3Yuel4e7EB+wXq1HqFo9PUWnacjL4dGFHmW99D19LzZwEt9ZJSPbYgyN+RuIZ0lhdqyghQyeCEoedBx7JldZIus1tL74lPCn9dmNuq3vFlqZWv8/T",
            "tags": null,
            "tags_all": {}
          },
          "sensitive_attributes": [],
          "private": "eyJzY2hlbWFfdmVyc2lvbiI6IjEifQ==",
          "dependencies": [
            "module.ec2.tls_private_key.app-key"
          ]
        }
      ]
    },
    {
      "module": "module.ec2",
      "mode": "managed",
      "type": "local_file",
      "name": "app-key",
      "provider": "provider[\"registry.terraform.io/hashicorp/local\"]",
      "instances": [
        {
          "schema_version": 0,
          "attributes": {
            "content": "-----BEGIN RSA PRIVATE KEY-----\nMIIEpAIBAAKCAQEAp/CY1CN1V/8cv2jJtxVuHqNRaXvvwJOdDc+7GMdNyugA5L1/\nIadjcTcHSLFpXcA7ulFSRNYXqf5kRVHZrUzenf1S2zyOQqJNe8Y4HBJCHY8M+SJ7\nKhrTq3xzw3JJxyYhJ6DOEFZvI12Gzob6jvsohzDAeckcLoGHt1ljS9eOqcU0UDJe\nqlbxBjzcGJNQK4G6kqapsDul+dGAefl1nr9v6pqpK78A3dwlmKYit2LnpeHuxAfs\nF6tR6haPT1Fp2nIy+HRhR5lvfQ9fS82cBLfWSUj22IMjfkbiGdJYXasoIUMnghKH\nnQceyZXWSLrNbS++JTwp/XZjbqt7xZamVr/P0wIDAQABAoIBAG4I2lnEkdICORfA\n1Mm8pNY2M9VlewU2sqSmAvSNQY88y7kT4ARw5Fr9rywV8e+XUIsXVUv86qxbHd+9\nbV57CzGBFZTH7H4EUbhTe9gIroEnhVyHFyPTR/UIKeFZNLXjab3JQrq5p0AIu5b+\nIZUlQryxWKty9aATBpU/YCwFJFhe6amZkxWco10LpqsxjKlodn1jGCMXhGR2zvMy\nFBLMR6QOiZeUT48zaLWoMC4tlbNZE3Q4DSL3NAFQNgCz7URNFV+RjJ5mGPvjoocm\nIB+j3SPVnlqW+brMpBAVKWZm0xteVRe3mmga1blgDjf5GiJO/zQhvzbVTPrI7aGl\neU60d2ECgYEAx3zksIo2fpwakp+X9huBpkwNoO06pjEdU4FnHPVjtLBdHlV2IQ5V\nf2xCtr01BEQjtS+13/n6MUW7STfEiKqOPygB2ge/+qbNFAfkJyTf/lsbuTMb80if\nI+dOn1tXyi0rYAT9+kenL1p1RA1oYM8JfePvtgdaXTwZjoBzEI7ObC0CgYEA14PN\nI7iVb4TfX5X6kNJriRGHPC/qj957KRJqemZw3osRy/OCkNr6ki7c9czVzBnyREdw\nop8oD01QF/ExRUvfgb/Cv9C6oCfQE0FhV0T6tBb8mm822Rvi19pFwj2VrVoH/Vjm\nXwYffTp8XJNGTB4VQ0PYObkU0s5meYYs/LRgq/8CgYEAs/L3oECtM7zBQ65vN/RM\nGaTVTmtw0mXPnHpId5jsHhxRg4F4FA2IFm+kJo+6+WQ2CcVF/QrUJApRDZUe1mFz\n+4itUu5WwVYh/IW5y425+Qpakc+G0QibdZm8FIgjQx9H10/pgxGLwG2LBp5Jn7pj\nR4qLu9oaK6yBKUi5gyAvGOkCgYEAhLVgiPKM8pL7ibytAqjQFyN4BxPqeJUjefMh\nJiYWsrMoTlKwv8pYKdQ5tBJiRMBlcq4bKcifvmx5OYUINge2pgsTPVKm2SAq/PBx\npG+RgXv2KJL7T03grdJ2yllp5cleyh8IHNOEaHSvR8JYs16C8VzBtSnHLNh0Objp\n0uKv9LkCgYBlzsxvhKH70TiGtzKImwXPXnBtnbnnz3iZm4J1bAlKa0aGYgipd7zA\nK79WV7oBHR4Yk0C/viA6w17G8t2mkTKFi4gLVb4G5bJ4pIz2t0CK89gbj/xCGYEp\ngeHxUnQlbkkO5UoGTHO6Q0p42myNlXWjgPiotaYuD/MAQX+h+pVrDg==\n-----END RSA PRIVATE KEY-----\n",
            "content_base64": null,
            "directory_permission": "0777",
            "file_permission": "0777",
            "filename": "app-key.pem",
            "id": "066dbe31e401b593a0ef34f55a9811f5695c297d",
            "sensitive_content": null,
            "source": null
          },
          "sensitive_attributes": [
            [
              {
                "type": "get_attr",
                "value": "content"
              }
            ]
          ],
          "private": "bnVsbA==",
          "dependencies": [
            "module.ec2.tls_private_key.app-key"
          ]
        }
      ]
    },
    {
      "module": "module.ec2",
      "mode": "managed",
      "type": "tls_private_key",
      "name": "app-key",
      "provider": "provider[\"registry.terraform.io/hashicorp/tls\"]",
      "instances": [
        {
          "schema_version": 0,
          "attributes": {
            "algorithm": "RSA",
            "ecdsa_curve": "P224",
            "id": "c3297ce0b31144761d2b1012ed3e4b66f6f83fc3",
            "private_key_pem": "-----BEGIN RSA PRIVATE KEY-----\nMIIEpAIBAAKCAQEAp/CY1CN1V/8cv2jJtxVuHqNRaXvvwJOdDc+7GMdNyugA5L1/\nIadjcTcHSLFpXcA7ulFSRNYXqf5kRVHZrUzenf1S2zyOQqJNe8Y4HBJCHY8M+SJ7\nKhrTq3xzw3JJxyYhJ6DOEFZvI12Gzob6jvsohzDAeckcLoGHt1ljS9eOqcU0UDJe\nqlbxBjzcGJNQK4G6kqapsDul+dGAefl1nr9v6pqpK78A3dwlmKYit2LnpeHuxAfs\nF6tR6haPT1Fp2nIy+HRhR5lvfQ9fS82cBLfWSUj22IMjfkbiGdJYXasoIUMnghKH\nnQceyZXWSLrNbS++JTwp/XZjbqt7xZamVr/P0wIDAQABAoIBAG4I2lnEkdICORfA\n1Mm8pNY2M9VlewU2sqSmAvSNQY88y7kT4ARw5Fr9rywV8e+XUIsXVUv86qxbHd+9\nbV57CzGBFZTH7H4EUbhTe9gIroEnhVyHFyPTR/UIKeFZNLXjab3JQrq5p0AIu5b+\nIZUlQryxWKty9aATBpU/YCwFJFhe6amZkxWco10LpqsxjKlodn1jGCMXhGR2zvMy\nFBLMR6QOiZeUT48zaLWoMC4tlbNZE3Q4DSL3NAFQNgCz7URNFV+RjJ5mGPvjoocm\nIB+j3SPVnlqW+brMpBAVKWZm0xteVRe3mmga1blgDjf5GiJO/zQhvzbVTPrI7aGl\neU60d2ECgYEAx3zksIo2fpwakp+X9huBpkwNoO06pjEdU4FnHPVjtLBdHlV2IQ5V\nf2xCtr01BEQjtS+13/n6MUW7STfEiKqOPygB2ge/+qbNFAfkJyTf/lsbuTMb80if\nI+dOn1tXyi0rYAT9+kenL1p1RA1oYM8JfePvtgdaXTwZjoBzEI7ObC0CgYEA14PN\nI7iVb4TfX5X6kNJriRGHPC/qj957KRJqemZw3osRy/OCkNr6ki7c9czVzBnyREdw\nop8oD01QF/ExRUvfgb/Cv9C6oCfQE0FhV0T6tBb8mm822Rvi19pFwj2VrVoH/Vjm\nXwYffTp8XJNGTB4VQ0PYObkU0s5meYYs/LRgq/8CgYEAs/L3oECtM7zBQ65vN/RM\nGaTVTmtw0mXPnHpId5jsHhxRg4F4FA2IFm+kJo+6+WQ2CcVF/QrUJApRDZUe1mFz\n+4itUu5WwVYh/IW5y425+Qpakc+G0QibdZm8FIgjQx9H10/pgxGLwG2LBp5Jn7pj\nR4qLu9oaK6yBKUi5gyAvGOkCgYEAhLVgiPKM8pL7ibytAqjQFyN4BxPqeJUjefMh\nJiYWsrMoTlKwv8pYKdQ5tBJiRMBlcq4bKcifvmx5OYUINge2pgsTPVKm2SAq/PBx\npG+RgXv2KJL7T03grdJ2yllp5cleyh8IHNOEaHSvR8JYs16C8VzBtSnHLNh0Objp\n0uKv9LkCgYBlzsxvhKH70TiGtzKImwXPXnBtnbnnz3iZm4J1bAlKa0aGYgipd7zA\nK79WV7oBHR4Yk0C/viA6w17G8t2mkTKFi4gLVb4G5bJ4pIz2t0CK89gbj/xCGYEp\ngeHxUnQlbkkO5UoGTHO6Q0p42myNlXWjgPiotaYuD/MAQX+h+pVrDg==\n-----END RSA PRIVATE KEY-----\n",
            "public_key_fingerprint_md5": "ea:c6:8b:dd:aa:c4:4c:81:5f:df:e1:d6:ed:a4:85:62",
            "public_key_openssh": "ssh-rsa AAAAB3NzaC1yc2EAAAADAQABAAABAQCn8JjUI3VX/xy/aMm3FW4eo1Fpe+/Ak50Nz7sYx03K6ADkvX8hp2NxNwdIsWldwDu6UVJE1hep/mRFUdmtTN6d/VLbPI5Cok17xjgcEkIdjwz5InsqGtOrfHPDcknHJiEnoM4QVm8jXYbOhvqO+yiHMMB5yRwugYe3WWNL146pxTRQMl6qVvEGPNwYk1ArgbqSpqmwO6X50YB5+XWev2/qmqkrvwDd3CWYpiK3Yuel4e7EB+wXq1HqFo9PUWnacjL4dGFHmW99D19LzZwEt9ZJSPbYgyN+RuIZ0lhdqyghQyeCEoedBx7JldZIus1tL74lPCn9dmNuq3vFlqZWv8/T\n",
            "public_key_pem": "-----BEGIN PUBLIC KEY-----\nMIIBIjANBgkqhkiG9w0BAQEFAAOCAQ8AMIIBCgKCAQEAp/CY1CN1V/8cv2jJtxVu\nHqNRaXvvwJOdDc+7GMdNyugA5L1/IadjcTcHSLFpXcA7ulFSRNYXqf5kRVHZrUze\nnf1S2zyOQqJNe8Y4HBJCHY8M+SJ7KhrTq3xzw3JJxyYhJ6DOEFZvI12Gzob6jvso\nhzDAeckcLoGHt1ljS9eOqcU0UDJeqlbxBjzcGJNQK4G6kqapsDul+dGAefl1nr9v\n6pqpK78A3dwlmKYit2LnpeHuxAfsF6tR6haPT1Fp2nIy+HRhR5lvfQ9fS82cBLfW\nSUj22IMjfkbiGdJYXasoIUMnghKHnQceyZXWSLrNbS++JTwp/XZjbqt7xZamVr/P\n0wIDAQAB\n-----END PUBLIC KEY-----\n",
            "rsa_bits": 2048
          },
          "sensitive_attributes": [],
          "private": "bnVsbA=="
        }
      ]
    },
    {
      "module": "module.securitygrp",
      "mode": "managed",
      "type": "aws_security_group",
      "name": "app_server_sg",
      "provider": "provider[\"registry.terraform.io/hashicorp/aws\"]",
      "instances": [
        {
          "schema_version": 1,
          "attributes": {
            "arn": "arn:aws:ec2:us-east-1:949263681218:security-group/sg-0c7f5b9a59a6eb896",
            "description": "Application Server Security Group",
            "egress": [
              {
                "cidr_blocks": [
                  "0.0.0.0/0"
                ],
                "description": "",
                "from_port": 0,
                "ipv6_cidr_blocks": [],
                "prefix_list_ids": [],
                "protocol": "-1",
                "security_groups": [],
                "self": false,
                "to_port": 0
              }
            ],
            "id": "sg-0c7f5b9a59a6eb896",
            "ingress": [
              {
                "cidr_blocks": [
                  "10.0.0.0/16"
                ],
                "description": "",
                "from_port": 0,
                "ipv6_cidr_blocks": [],
                "prefix_list_ids": [],
                "protocol": "-1",
                "security_groups": [],
                "self": false,
                "to_port": 0
              }
            ],
            "name": "app_server_sg",
            "name_prefix": "",
            "owner_id": "949263681218",
            "revoke_rules_on_delete": false,
            "tags": {
              "Name": "app_server_sg"
            },
            "tags_all": {
              "Name": "app_server_sg"
            },
            "timeouts": null,
            "vpc_id": "vpc-04ffb0ba2dc0774ab"
          },
          "sensitive_attributes": [],
          "private": "eyJlMmJmYjczMC1lY2FhLTExZTYtOGY4OC0zNDM2M2JjN2M0YzAiOnsiY3JlYXRlIjo2MDAwMDAwMDAwMDAsImRlbGV0ZSI6OTAwMDAwMDAwMDAwfSwic2NoZW1hX3ZlcnNpb24iOiIxIn0=",
          "dependencies": [
            "module.vpc.aws_vpc.vpc"
          ]
        }
      ]
    },
    {
      "module": "module.securitygrp",
      "mode": "managed",
      "type": "aws_security_group",
      "name": "lb_sg",
      "provider": "provider[\"registry.terraform.io/hashicorp/aws\"]",
      "instances": [
        {
          "schema_version": 1,
          "attributes": {
            "arn": "arn:aws:ec2:us-east-1:949263681218:security-group/sg-04bf5f61dfb7d17cf",
            "description": "ALB Security Group",
            "egress": [
              {
                "cidr_blocks": [
                  "0.0.0.0/0"
                ],
                "description": "",
                "from_port": 0,
                "ipv6_cidr_blocks": [],
                "prefix_list_ids": [],
                "protocol": "-1",
                "security_groups": [],
                "self": false,
                "to_port": 0
              }
            ],
            "id": "sg-04bf5f61dfb7d17cf",
            "ingress": [
              {
                "cidr_blocks": [
                  "0.0.0.0/0"
                ],
                "description": "",
                "from_port": 443,
                "ipv6_cidr_blocks": [],
                "prefix_list_ids": [],
                "protocol": "tcp",
                "security_groups": [],
                "self": false,
                "to_port": 443
              },
              {
                "cidr_blocks": [
                  "0.0.0.0/0"
                ],
                "description": "",
                "from_port": 80,
                "ipv6_cidr_blocks": [],
                "prefix_list_ids": [],
                "protocol": "tcp",
                "security_groups": [],
                "self": false,
                "to_port": 80
              }
            ],
            "name": "lb_sg",
            "name_prefix": "",
            "owner_id": "949263681218",
            "revoke_rules_on_delete": false,
            "tags": {
              "Name": "lb_sg"
            },
            "tags_all": {
              "Name": "lb_sg"
            },
            "timeouts": null,
            "vpc_id": "vpc-04ffb0ba2dc0774ab"
          },
          "sensitive_attributes": [],
          "private": "eyJlMmJmYjczMC1lY2FhLTExZTYtOGY4OC0zNDM2M2JjN2M0YzAiOnsiY3JlYXRlIjo2MDAwMDAwMDAwMDAsImRlbGV0ZSI6OTAwMDAwMDAwMDAwfSwic2NoZW1hX3ZlcnNpb24iOiIxIn0=",
          "dependencies": [
            "module.vpc.aws_vpc.vpc"
          ]
        }
      ]
    },
    {
      "module": "module.securitygrp",
      "mode": "managed",
      "type": "aws_security_group",
      "name": "rds_sg",
      "provider": "provider[\"registry.terraform.io/hashicorp/aws\"]",
      "instances": [
        {
          "schema_version": 1,
          "attributes": {
            "arn": "arn:aws:ec2:us-east-1:949263681218:security-group/sg-06dbe2833318c1841",
            "description": "MySQL DB Security Group",
            "egress": [
              {
                "cidr_blocks": [
                  "0.0.0.0/0"
                ],
                "description": "",
                "from_port": 0,
                "ipv6_cidr_blocks": [],
                "prefix_list_ids": [],
                "protocol": "-1",
                "security_groups": [],
                "self": false,
                "to_port": 0
              }
            ],
            "id": "sg-06dbe2833318c1841",
            "ingress": [
              {
                "cidr_blocks": [
                  "10.0.0.0/16"
                ],
                "description": "",
                "from_port": 3306,
                "ipv6_cidr_blocks": [],
                "prefix_list_ids": [],
                "protocol": "tcp",
                "security_groups": [],
                "self": false,
                "to_port": 3306
              }
            ],
            "name": "rds_sg",
            "name_prefix": "",
            "owner_id": "949263681218",
            "revoke_rules_on_delete": false,
            "tags": {
              "Name": "rds_sg"
            },
            "tags_all": {
              "Name": "rds_sg"
            },
            "timeouts": null,
            "vpc_id": "vpc-04ffb0ba2dc0774ab"
          },
          "sensitive_attributes": [],
          "private": "eyJlMmJmYjczMC1lY2FhLTExZTYtOGY4OC0zNDM2M2JjN2M0YzAiOnsiY3JlYXRlIjo2MDAwMDAwMDAwMDAsImRlbGV0ZSI6OTAwMDAwMDAwMDAwfSwic2NoZW1hX3ZlcnNpb24iOiIxIn0=",
          "dependencies": [
            "module.vpc.aws_vpc.vpc"
          ]
        }
      ]
    },
    {
      "module": "module.securitygrp",
      "mode": "managed",
      "type": "aws_security_group",
      "name": "web_server_sg",
      "provider": "provider[\"registry.terraform.io/hashicorp/aws\"]",
      "instances": [
        {
          "schema_version": 1,
          "attributes": {
            "arn": "arn:aws:ec2:us-east-1:949263681218:security-group/sg-037fe297def387e09",
            "description": "Web Server Security Group",
            "egress": [
              {
                "cidr_blocks": [
                  "0.0.0.0/0"
                ],
                "description": "",
                "from_port": 0,
                "ipv6_cidr_blocks": [],
                "prefix_list_ids": [],
                "protocol": "-1",
                "security_groups": [],
                "self": false,
                "to_port": 0
              }
            ],
            "id": "sg-037fe297def387e09",
            "ingress": [
              {
                "cidr_blocks": [
                  "0.0.0.0/0"
                ],
                "description": "",
                "from_port": 22,
                "ipv6_cidr_blocks": [],
                "prefix_list_ids": [],
                "protocol": "tcp",
                "security_groups": [],
                "self": false,
                "to_port": 22
              },
              {
                "cidr_blocks": [],
                "description": "",
                "from_port": 80,
                "ipv6_cidr_blocks": [],
                "prefix_list_ids": [],
                "protocol": "tcp",
                "security_groups": [
                  "sg-04bf5f61dfb7d17cf"
                ],
                "self": false,
                "to_port": 80
              }
            ],
            "name": "web_server_sg",
            "name_prefix": "",
            "owner_id": "949263681218",
            "revoke_rules_on_delete": false,
            "tags": {
              "Name": "web_server_sg"
            },
            "tags_all": {
              "Name": "web_server_sg"
            },
            "timeouts": null,
            "vpc_id": "vpc-04ffb0ba2dc0774ab"
          },
          "sensitive_attributes": [],
          "private": "eyJlMmJmYjczMC1lY2FhLTExZTYtOGY4OC0zNDM2M2JjN2M0YzAiOnsiY3JlYXRlIjo2MDAwMDAwMDAwMDAsImRlbGV0ZSI6OTAwMDAwMDAwMDAwfSwic2NoZW1hX3ZlcnNpb24iOiIxIn0=",
          "dependencies": [
            "module.securitygrp.aws_security_group.lb_sg",
            "module.vpc.aws_vpc.vpc"
          ]
        }
      ]
    },
    {
      "module": "module.vpc",
      "mode": "managed",
      "type": "aws_default_route_table",
      "name": "pvt_rtb",
      "provider": "provider[\"registry.terraform.io/hashicorp/aws\"]",
      "instances": [
        {
          "schema_version": 0,
          "attributes": {
            "arn": "arn:aws:ec2:us-east-1:949263681218:route-table/rtb-079fa7d45eeab11d7",
            "default_route_table_id": "rtb-079fa7d45eeab11d7",
            "id": "rtb-079fa7d45eeab11d7",
            "owner_id": "949263681218",
            "propagating_vgws": null,
            "route": [
              {
                "cidr_block": "0.0.0.0/0",
                "destination_prefix_list_id": "",
                "egress_only_gateway_id": "",
                "gateway_id": "",
                "instance_id": "",
                "ipv6_cidr_block": "",
                "nat_gateway_id": "nat-0d859f6bb7b969d5d",
                "network_interface_id": "",
                "transit_gateway_id": "",
                "vpc_endpoint_id": "",
                "vpc_peering_connection_id": ""
              }
            ],
            "tags": {
              "Name": "pvt_rtb"
            },
            "tags_all": {
              "Name": "pvt_rtb"
            },
            "timeouts": null,
            "vpc_id": "vpc-04ffb0ba2dc0774ab"
          },
          "sensitive_attributes": [],
          "private": "eyJlMmJmYjczMC1lY2FhLTExZTYtOGY4OC0zNDM2M2JjN2M0YzAiOnsiY3JlYXRlIjoxMjAwMDAwMDAwMDAsInVwZGF0ZSI6MTIwMDAwMDAwMDAwfX0=",
          "dependencies": [
            "module.vpc.aws_eip.nat_ip",
            "module.vpc.aws_nat_gateway.nat_gateway",
            "module.vpc.aws_subnet.pub_subnet_1",
            "module.vpc.aws_vpc.vpc"
          ]
        }
      ]
    },
    {
      "module": "module.vpc",
      "mode": "managed",
      "type": "aws_eip",
      "name": "nat_ip",
      "provider": "provider[\"registry.terraform.io/hashicorp/aws\"]",
      "instances": [
        {
          "schema_version": 0,
          "attributes": {
            "address": null,
            "allocation_id": "eipalloc-0f7bae2622aa3b485",
            "associate_with_private_ip": null,
            "association_id": "",
            "carrier_ip": "",
            "customer_owned_ip": "",
            "customer_owned_ipv4_pool": "",
            "domain": "vpc",
            "id": "eipalloc-0f7bae2622aa3b485",
            "instance": "",
            "network_border_group": "us-east-1",
            "network_interface": "",
            "private_dns": null,
            "private_ip": "",
            "public_dns": "ec2-54-225-116-218.compute-1.amazonaws.com",
            "public_ip": "54.225.116.218",
            "public_ipv4_pool": "amazon",
            "tags": null,
            "tags_all": {},
            "timeouts": null,
            "vpc": true
          },
          "sensitive_attributes": [],
          "private": "eyJlMmJmYjczMC1lY2FhLTExZTYtOGY4OC0zNDM2M2JjN2M0YzAiOnsiZGVsZXRlIjoxODAwMDAwMDAwMDAsInJlYWQiOjkwMDAwMDAwMDAwMCwidXBkYXRlIjozMDAwMDAwMDAwMDB9fQ=="
        }
      ]
    },
    {
      "module": "module.vpc",
      "mode": "managed",
      "type": "aws_internet_gateway",
      "name": "igw",
      "provider": "provider[\"registry.terraform.io/hashicorp/aws\"]",
      "instances": [
        {
          "schema_version": 0,
          "attributes": {
            "arn": "arn:aws:ec2:us-east-1:949263681218:internet-gateway/igw-0264376a7b7330413",
            "id": "igw-0264376a7b7330413",
            "owner_id": "949263681218",
            "tags": {
              "Name": "rab"
            },
            "tags_all": {
              "Name": "rab"
            },
            "vpc_id": "vpc-04ffb0ba2dc0774ab"
          },
          "sensitive_attributes": [],
          "private": "bnVsbA==",
          "dependencies": [
            "module.vpc.aws_vpc.vpc"
          ]
        }
      ]
    },
    {
      "module": "module.vpc",
      "mode": "managed",
      "type": "aws_nat_gateway",
      "name": "nat_gateway",
      "provider": "provider[\"registry.terraform.io/hashicorp/aws\"]",
      "instances": [
        {
          "schema_version": 0,
          "attributes": {
            "allocation_id": "eipalloc-0f7bae2622aa3b485",
            "connectivity_type": "public",
            "id": "nat-0d859f6bb7b969d5d",
            "network_interface_id": "eni-0491f7f3164cf4af2",
            "private_ip": "10.0.1.250",
            "public_ip": "54.225.116.218",
            "subnet_id": "subnet-0e1f03b9197af2387",
            "tags": {
              "Name": "test_vpc_nat"
            },
            "tags_all": {
              "Name": "test_vpc_nat"
            }
          },
          "sensitive_attributes": [],
          "private": "bnVsbA==",
          "dependencies": [
            "module.vpc.aws_eip.nat_ip",
            "module.vpc.aws_subnet.pub_subnet_1",
            "module.vpc.aws_vpc.vpc"
          ]
        }
      ]
    },
    {
      "module": "module.vpc",
      "mode": "managed",
      "type": "aws_network_acl",
      "name": "pub_nacl",
      "provider": "provider[\"registry.terraform.io/hashicorp/aws\"]",
      "instances": [
        {
          "schema_version": 0,
          "attributes": {
            "arn": "arn:aws:ec2:us-east-1:949263681218:network-acl/acl-0368b4b1c779d2adf",
            "egress": [
              {
                "action": "allow",
                "cidr_block": "0.0.0.0/0",
                "from_port": 1024,
                "icmp_code": null,
                "icmp_type": null,
                "ipv6_cidr_block": "",
                "protocol": "tcp",
                "rule_no": 400,
                "to_port": 65535
              },
              {
                "action": "allow",
                "cidr_block": "0.0.0.0/0",
                "from_port": 22,
                "icmp_code": null,
                "icmp_type": null,
                "ipv6_cidr_block": "",
                "protocol": "tcp",
                "rule_no": 300,
                "to_port": 22
              },
              {
                "action": "allow",
                "cidr_block": "0.0.0.0/0",
                "from_port": 443,
                "icmp_code": null,
                "icmp_type": null,
                "ipv6_cidr_block": "",
                "protocol": "tcp",
                "rule_no": 200,
                "to_port": 443
              },
              {
                "action": "allow",
                "cidr_block": "0.0.0.0/0",
                "from_port": 80,
                "icmp_code": null,
                "icmp_type": null,
                "ipv6_cidr_block": "",
                "protocol": "tcp",
                "rule_no": 100,
                "to_port": 80
              }
            ],
            "id": "acl-0368b4b1c779d2adf",
            "ingress": [
              {
                "action": "allow",
                "cidr_block": "0.0.0.0/0",
                "from_port": 1024,
                "icmp_code": null,
                "icmp_type": null,
                "ipv6_cidr_block": "",
                "protocol": "tcp",
                "rule_no": 400,
                "to_port": 65535
              },
              {
                "action": "allow",
                "cidr_block": "0.0.0.0/0",
                "from_port": 22,
                "icmp_code": null,
                "icmp_type": null,
                "ipv6_cidr_block": "",
                "protocol": "tcp",
                "rule_no": 300,
                "to_port": 22
              },
              {
                "action": "allow",
                "cidr_block": "0.0.0.0/0",
                "from_port": 443,
                "icmp_code": null,
                "icmp_type": null,
                "ipv6_cidr_block": "",
                "protocol": "tcp",
                "rule_no": 200,
                "to_port": 443
              },
              {
                "action": "allow",
                "cidr_block": "0.0.0.0/0",
                "from_port": 80,
                "icmp_code": null,
                "icmp_type": null,
                "ipv6_cidr_block": "",
                "protocol": "tcp",
                "rule_no": 100,
                "to_port": 80
              }
            ],
            "owner_id": "949263681218",
            "subnet_ids": [
              "subnet-0324a655bd01ab0aa",
              "subnet-0e1f03b9197af2387"
            ],
            "tags": {
              "Name": "pub_nacl"
            },
            "tags_all": {
              "Name": "pub_nacl"
            },
            "vpc_id": "vpc-04ffb0ba2dc0774ab"
          },
          "sensitive_attributes": [],
          "private": "bnVsbA==",
          "dependencies": [
            "module.vpc.aws_subnet.pub_subnet_1",
            "module.vpc.aws_subnet.pub_subnet_2",
            "module.vpc.aws_vpc.vpc"
          ]
        }
      ]
    },
    {
      "module": "module.vpc",
      "mode": "managed",
      "type": "aws_route_table",
      "name": "pub_rtb",
      "provider": "provider[\"registry.terraform.io/hashicorp/aws\"]",
      "instances": [
        {
          "schema_version": 0,
          "attributes": {
            "arn": "arn:aws:ec2:us-east-1:949263681218:route-table/rtb-08237091263cc1d31",
            "id": "rtb-08237091263cc1d31",
            "owner_id": "949263681218",
            "propagating_vgws": [],
            "route": [
              {
                "carrier_gateway_id": "",
                "cidr_block": "0.0.0.0/0",
                "destination_prefix_list_id": "",
                "egress_only_gateway_id": "",
                "gateway_id": "igw-0264376a7b7330413",
                "instance_id": "",
                "ipv6_cidr_block": "",
                "local_gateway_id": "",
                "nat_gateway_id": "",
                "network_interface_id": "",
                "transit_gateway_id": "",
                "vpc_endpoint_id": "",
                "vpc_peering_connection_id": ""
              }
            ],
            "tags": {
              "Name": "pub_rtb"
            },
            "tags_all": {
              "Name": "pub_rtb"
            },
            "timeouts": null,
            "vpc_id": "vpc-04ffb0ba2dc0774ab"
          },
          "sensitive_attributes": [],
          "private": "eyJlMmJmYjczMC1lY2FhLTExZTYtOGY4OC0zNDM2M2JjN2M0YzAiOnsiY3JlYXRlIjozMDAwMDAwMDAwMDAsImRlbGV0ZSI6MzAwMDAwMDAwMDAwLCJ1cGRhdGUiOjEyMDAwMDAwMDAwMH19",
          "dependencies": [
            "module.vpc.aws_internet_gateway.igw",
            "module.vpc.aws_vpc.vpc"
          ]
        }
      ]
    },
    {
      "module": "module.vpc",
      "mode": "managed",
      "type": "aws_route_table_association",
      "name": "pub_rtb_assoc_1",
      "provider": "provider[\"registry.terraform.io/hashicorp/aws\"]",
      "instances": [
        {
          "schema_version": 0,
          "attributes": {
            "gateway_id": "",
            "id": "rtbassoc-0d7cd2e009e95fbcc",
            "route_table_id": "rtb-08237091263cc1d31",
            "subnet_id": "subnet-0e1f03b9197af2387"
          },
          "sensitive_attributes": [],
          "private": "bnVsbA==",
          "dependencies": [
            "module.vpc.aws_internet_gateway.igw",
            "module.vpc.aws_route_table.pub_rtb",
            "module.vpc.aws_subnet.pub_subnet_1",
            "module.vpc.aws_vpc.vpc"
          ]
        }
      ]
    },
    {
      "module": "module.vpc",
      "mode": "managed",
      "type": "aws_route_table_association",
      "name": "pub_rtb_assoc_2",
      "provider": "provider[\"registry.terraform.io/hashicorp/aws\"]",
      "instances": [
        {
          "schema_version": 0,
          "attributes": {
            "gateway_id": "",
            "id": "rtbassoc-03cf8fb60af587b8a",
            "route_table_id": "rtb-08237091263cc1d31",
            "subnet_id": "subnet-0324a655bd01ab0aa"
          },
          "sensitive_attributes": [],
          "private": "bnVsbA==",
          "dependencies": [
            "module.vpc.aws_internet_gateway.igw",
            "module.vpc.aws_route_table.pub_rtb",
            "module.vpc.aws_subnet.pub_subnet_2",
            "module.vpc.aws_vpc.vpc"
          ]
        }
      ]
    },
    {
      "module": "module.vpc",
      "mode": "managed",
      "type": "aws_subnet",
      "name": "pub_subnet_1",
      "provider": "provider[\"registry.terraform.io/hashicorp/aws\"]",
      "instances": [
        {
          "schema_version": 1,
          "attributes": {
            "arn": "arn:aws:ec2:us-east-1:949263681218:subnet/subnet-0e1f03b9197af2387",
            "assign_ipv6_address_on_creation": false,
            "availability_zone": "us-east-1a",
            "availability_zone_id": "use1-az6",
            "cidr_block": "10.0.1.0/24",
            "customer_owned_ipv4_pool": "",
            "id": "subnet-0e1f03b9197af2387",
            "ipv6_cidr_block": "",
            "ipv6_cidr_block_association_id": "",
            "map_customer_owned_ip_on_launch": false,
            "map_public_ip_on_launch": true,
            "outpost_arn": "",
            "owner_id": "949263681218",
            "tags": {
              "Name": "pub_subnet_1"
            },
            "tags_all": {
              "Name": "pub_subnet_1"
            },
            "timeouts": null,
            "vpc_id": "vpc-04ffb0ba2dc0774ab"
          },
          "sensitive_attributes": [],
          "private": "eyJlMmJmYjczMC1lY2FhLTExZTYtOGY4OC0zNDM2M2JjN2M0YzAiOnsiY3JlYXRlIjo2MDAwMDAwMDAwMDAsImRlbGV0ZSI6MTIwMDAwMDAwMDAwMH0sInNjaGVtYV92ZXJzaW9uIjoiMSJ9",
          "dependencies": [
            "module.vpc.aws_vpc.vpc"
          ]
        }
      ]
    },
    {
      "module": "module.vpc",
      "mode": "managed",
      "type": "aws_subnet",
      "name": "pub_subnet_2",
      "provider": "provider[\"registry.terraform.io/hashicorp/aws\"]",
      "instances": [
        {
          "schema_version": 1,
          "attributes": {
            "arn": "arn:aws:ec2:us-east-1:949263681218:subnet/subnet-0324a655bd01ab0aa",
            "assign_ipv6_address_on_creation": false,
            "availability_zone": "us-east-1b",
            "availability_zone_id": "use1-az1",
            "cidr_block": "10.0.2.0/24",
            "customer_owned_ipv4_pool": "",
            "id": "subnet-0324a655bd01ab0aa",
            "ipv6_cidr_block": "",
            "ipv6_cidr_block_association_id": "",
            "map_customer_owned_ip_on_launch": false,
            "map_public_ip_on_launch": true,
            "outpost_arn": "",
            "owner_id": "949263681218",
            "tags": {
              "Name": "pub_subnet_2"
            },
            "tags_all": {
              "Name": "pub_subnet_2"
            },
            "timeouts": null,
            "vpc_id": "vpc-04ffb0ba2dc0774ab"
          },
          "sensitive_attributes": [],
          "private": "eyJlMmJmYjczMC1lY2FhLTExZTYtOGY4OC0zNDM2M2JjN2M0YzAiOnsiY3JlYXRlIjo2MDAwMDAwMDAwMDAsImRlbGV0ZSI6MTIwMDAwMDAwMDAwMH0sInNjaGVtYV92ZXJzaW9uIjoiMSJ9",
          "dependencies": [
            "module.vpc.aws_vpc.vpc"
          ]
        }
      ]
    },
    {
      "module": "module.vpc",
      "mode": "managed",
      "type": "aws_subnet",
      "name": "pvt_subnet_1",
      "provider": "provider[\"registry.terraform.io/hashicorp/aws\"]",
      "instances": [
        {
          "schema_version": 1,
          "attributes": {
            "arn": "arn:aws:ec2:us-east-1:949263681218:subnet/subnet-0ca9a546eeb01d380",
            "assign_ipv6_address_on_creation": false,
            "availability_zone": "us-east-1b",
            "availability_zone_id": "use1-az1",
            "cidr_block": "10.0.3.0/24",
            "customer_owned_ipv4_pool": "",
            "id": "subnet-0ca9a546eeb01d380",
            "ipv6_cidr_block": "",
            "ipv6_cidr_block_association_id": "",
            "map_customer_owned_ip_on_launch": false,
            "map_public_ip_on_launch": false,
            "outpost_arn": "",
            "owner_id": "949263681218",
            "tags": {
              "Name": "pvt_subnet_1"
            },
            "tags_all": {
              "Name": "pvt_subnet_1"
            },
            "timeouts": null,
            "vpc_id": "vpc-04ffb0ba2dc0774ab"
          },
          "sensitive_attributes": [],
          "private": "eyJlMmJmYjczMC1lY2FhLTExZTYtOGY4OC0zNDM2M2JjN2M0YzAiOnsiY3JlYXRlIjo2MDAwMDAwMDAwMDAsImRlbGV0ZSI6MTIwMDAwMDAwMDAwMH0sInNjaGVtYV92ZXJzaW9uIjoiMSJ9",
          "dependencies": [
            "module.vpc.aws_vpc.vpc"
          ]
        }
      ]
    },
    {
      "module": "module.vpc",
      "mode": "managed",
      "type": "aws_subnet",
      "name": "pvt_subnet_2",
      "provider": "provider[\"registry.terraform.io/hashicorp/aws\"]",
      "instances": [
        {
          "schema_version": 1,
          "attributes": {
            "arn": "arn:aws:ec2:us-east-1:949263681218:subnet/subnet-01728246e42d9f5de",
            "assign_ipv6_address_on_creation": false,
            "availability_zone": "us-east-1a",
            "availability_zone_id": "use1-az6",
            "cidr_block": "10.0.4.0/24",
            "customer_owned_ipv4_pool": "",
            "id": "subnet-01728246e42d9f5de",
            "ipv6_cidr_block": "",
            "ipv6_cidr_block_association_id": "",
            "map_customer_owned_ip_on_launch": false,
            "map_public_ip_on_launch": false,
            "outpost_arn": "",
            "owner_id": "949263681218",
            "tags": {
              "Name": "pvt_subnet_2"
            },
            "tags_all": {
              "Name": "pvt_subnet_2"
            },
            "timeouts": null,
            "vpc_id": "vpc-04ffb0ba2dc0774ab"
          },
          "sensitive_attributes": [],
          "private": "eyJlMmJmYjczMC1lY2FhLTExZTYtOGY4OC0zNDM2M2JjN2M0YzAiOnsiY3JlYXRlIjo2MDAwMDAwMDAwMDAsImRlbGV0ZSI6MTIwMDAwMDAwMDAwMH0sInNjaGVtYV92ZXJzaW9uIjoiMSJ9",
          "dependencies": [
            "module.vpc.aws_vpc.vpc"
          ]
        }
      ]
    },
    {
      "module": "module.vpc",
      "mode": "managed",
      "type": "aws_vpc",
      "name": "vpc",
      "provider": "provider[\"registry.terraform.io/hashicorp/aws\"]",
      "instances": [
        {
          "schema_version": 1,
          "attributes": {
            "arn": "arn:aws:ec2:us-east-1:949263681218:vpc/vpc-04ffb0ba2dc0774ab",
            "assign_generated_ipv6_cidr_block": false,
            "cidr_block": "10.0.0.0/16",
            "default_network_acl_id": "acl-0416f33038e7bc115",
            "default_route_table_id": "rtb-079fa7d45eeab11d7",
            "default_security_group_id": "sg-01529f33f86ce0903",
            "dhcp_options_id": "dopt-01162027fba3030e5",
            "enable_classiclink": false,
            "enable_classiclink_dns_support": false,
            "enable_dns_hostnames": false,
            "enable_dns_support": true,
            "id": "vpc-04ffb0ba2dc0774ab",
            "instance_tenancy": "default",
            "ipv4_ipam_pool_id": null,
            "ipv4_netmask_length": null,
            "ipv6_association_id": "",
            "ipv6_cidr_block": "",
            "ipv6_ipam_pool_id": null,
            "ipv6_netmask_length": null,
            "main_route_table_id": "rtb-079fa7d45eeab11d7",
            "owner_id": "949263681218",
            "tags": {
              "Name": "rab"
            },
            "tags_all": {
              "Name": "rab"
            }
          },
          "sensitive_attributes": [],
          "private": "eyJzY2hlbWFfdmVyc2lvbiI6IjEifQ=="
        }
      ]
    }
  ]
}
